
Microsoft Visual Studio Solution File, Format Version 12.00
# Visual Studio Version 17
VisualStudioVersion = 17.2.32630.192
MinimumVisualStudioVersion = 10.0.40219.1
Project("{9A19103F-16F7-4668-BE54-9A1E7A4F7556}") = "R5T.D0088.I0001.Construction", "R5T.D0088.I0001.Construction\R5T.D0088.I0001.Construction.csproj", "{C3B41891-AE29-427B-AAEA-6B257FED922F}"
EndProject
Project("{9A19103F-16F7-4668-BE54-9A1E7A4F7556}") = "R5T.D0088.I0001", "R5T.D0088.I0001\R5T.D0088.I0001.csproj", "{9A8ED069-F0AB-4774-98D5-53AEC203090B}"
EndProject
Project("{2150E333-8FDC-42A3-9474-1A3956D46DE8}") = "_Dependencies", "_Dependencies", "{A8375E94-869E-429F-B2DF-45DBDB0E6364}"
EndProject
Project("{9A19103F-16F7-4668-BE54-9A1E7A4F7556}") = "R5T.D0090", "..\..\R5T.D0090\source\R5T.D0090\R5T.D0090.csproj", "{2C03D0F2-3E07-47E3-A75D-15475F6F48BB}"
EndProject
Project("{9A19103F-16F7-4668-BE54-9A1E7A4F7556}") = "R5T.D0090.X001", "..\..\R5T.D0090\source\R5T.D0090.X001\R5T.D0090.X001.csproj", "{029B2ABB-9854-49A9-B6B0-6F8D226DAA3A}"
EndProject
Project("{9A19103F-16F7-4668-BE54-9A1E7A4F7556}") = "R5T.D0088.X001", "..\..\R5T.D0088\source\R5T.D0088.X001\R5T.D0088.X001.csproj", "{59738B37-FEA7-4C27-8EC5-E756AB224B9D}"
EndProject
Project("{9A19103F-16F7-4668-BE54-9A1E7A4F7556}") = "R5T.T0070.X001", "..\..\R5T.T0070\source\R5T.T0070.X001\R5T.T0070.X001.csproj", "{1912BCB9-A5DE-4693-AF85-05F9735197F4}"
EndProject
Project("{9A19103F-16F7-4668-BE54-9A1E7A4F7556}") = "R5T.T0062", "..\..\R5T.T0062\source\R5T.T0062\R5T.T0062.csproj", "{6236E370-482E-492F-8262-F346DE3FF3FA}"
EndProject
Project("{9A19103F-16F7-4668-BE54-9A1E7A4F7556}") = "R5T.Magyar", "..\..\R5T.Magyar\source\R5T.Magyar\R5T.Magyar.csproj", "{DC95178D-064C-4DF8-9031-F94829058DFC}"
EndProject
Project("{9A19103F-16F7-4668-BE54-9A1E7A4F7556}") = "R5T.T0063", "..\..\R5T.T0063\source\R5T.T0063\R5T.T0063.csproj", "{EB3865EE-70C1-4774-B6E0-99B75D06E913}"
EndProject
Project("{9A19103F-16F7-4668-BE54-9A1E7A4F7556}") = "R5T.L0013", "..\..\R5T.L0013\source\R5T.L0013\R5T.L0013.csproj", "{F45B7E21-3645-4E6F-AFD2-12B4DB6C54C2}"
EndProject
Project("{9A19103F-16F7-4668-BE54-9A1E7A4F7556}") = "R5T.T0067.X001", "..\..\R5T.T0067\source\R5T.T0067.X001\R5T.T0067.X001.csproj", "{92D67C01-57C8-4074-90A4-C25BC455003B}"
EndProject
Project("{9A19103F-16F7-4668-BE54-9A1E7A4F7556}") = "R5T.T0067", "..\..\R5T.T0067\source\R5T.T0067\R5T.T0067.csproj", "{539FB768-EF07-4029-9FD8-132B32B8C5F9}"
EndProject
Project("{9A19103F-16F7-4668-BE54-9A1E7A4F7556}") = "R5T.T0039.T002", "..\..\R5T.T0039\source\R5T.T0039.T002\R5T.T0039.T002.csproj", "{EE5CC1A7-0F12-4A57-A471-5AA90BCD1DF9}"
EndProject
Project("{9A19103F-16F7-4668-BE54-9A1E7A4F7556}") = "R5T.T0072", "..\..\R5T.T0072\source\R5T.T0072\R5T.T0072.csproj", "{8651AFC2-EEB3-44F5-9613-F476639B18B0}"
EndProject
Project("{9A19103F-16F7-4668-BE54-9A1E7A4F7556}") = "R5T.T0073", "..\..\R5T.T0073\source\R5T.T0073\R5T.T0073.csproj", "{F2D0AA14-1DFB-49CA-817A-820905161FD5}"
EndProject
Project("{9A19103F-16F7-4668-BE54-9A1E7A4F7556}") = "R5T.L0015", "..\..\R5T.L0015\source\R5T.L0015\R5T.L0015.csproj", "{E320CBA2-211D-40F7-967A-2CDE76A27AB2}"
EndProject
Project("{9A19103F-16F7-4668-BE54-9A1E7A4F7556}") = "R5T.D0088.Base", "..\..\R5T.D0088\source\R5T.D0088.Base\R5T.D0088.Base.csproj", "{1753CB95-DD57-4D1F-8BD3-C60D4C1120D8}"
EndProject
Project("{9A19103F-16F7-4668-BE54-9A1E7A4F7556}") = "R5T.T0064", "..\..\R5T.T0064\source\R5T.T0064\R5T.T0064.csproj", "{2F726282-439D-496B-ACCD-0E74DB5DDAA4}"
EndProject
Project("{9A19103F-16F7-4668-BE54-9A1E7A4F7556}") = "R5T.L0014", "..\..\R5T.L0014\source\R5T.L0014\R5T.L0014.csproj", "{7A36831E-828E-4DAC-A90A-C918A7960829}"
EndProject
Project("{9A19103F-16F7-4668-BE54-9A1E7A4F7556}") = "R5T.D0090.Base", "..\..\R5T.D0090\source\R5T.D0090.Base\R5T.D0090.Base.csproj", "{829FC65B-6AD9-4C7A-8454-0A8D907BE59D}"
EndProject
Project("{9A19103F-16F7-4668-BE54-9A1E7A4F7556}") = "R5T.T0075", "..\..\R5T.T0075\source\R5T.T0075\R5T.T0075.csproj", "{3A3F9EEF-8288-4279-B1A0-F0D7AF9EA464}"
EndProject
Project("{9A19103F-16F7-4668-BE54-9A1E7A4F7556}") = "R5T.T0070", "..\..\R5T.T0070\source\R5T.T0070\R5T.T0070.csproj", "{E4AB16DE-033D-4E30-97E4-25F55CC6037C}"
EndProject
Project("{9A19103F-16F7-4668-BE54-9A1E7A4F7556}") = "R5T.T0062.X001", "..\..\R5T.T0062\source\R5T.T0062.X001\R5T.T0062.X001.csproj", "{14511B66-DD9B-4FFE-9FA8-2E60A8BEBE99}"
EndProject
Project("{9A19103F-16F7-4668-BE54-9A1E7A4F7556}") = "R5T.Lombardy", "..\..\R5T.Lombardy\source\R5T.Lombardy\R5T.Lombardy.csproj", "{F9E1D84A-A955-46D6-A5AA-D2D9D2D0531A}"
EndProject
Project("{9A19103F-16F7-4668-BE54-9A1E7A4F7556}") = "R5T.D0063.Default", "..\..\R5T.D0063\source\R5T.D0063.Default\R5T.D0063.Default.csproj", "{4D870AD2-8A22-4669-A7FD-94A592637FF5}"
EndProject
Project("{9A19103F-16F7-4668-BE54-9A1E7A4F7556}") = "R5T.Dacia.Extensions", "..\..\R5T.Dacia.Extensions\source\R5T.Dacia.Extensions\R5T.Dacia.Extensions.csproj", "{84782690-5EB2-4AE9-B503-662AD10CC369}"
EndProject
Project("{9A19103F-16F7-4668-BE54-9A1E7A4F7556}") = "R5T.Dacia", "..\..\R5T.Dacia\source\R5T.Dacia\R5T.Dacia.csproj", "{8CE39F48-517F-4452-8BF3-D64B7C8C3D8E}"
EndProject
Project("{9A19103F-16F7-4668-BE54-9A1E7A4F7556}") = "R5T.D0063.Base", "..\..\R5T.D0063\source\R5T.D0063.Base\R5T.D0063.Base.csproj", "{27FD76C8-2A7D-4C4F-84FA-287B615C948E}"
EndProject
Project("{9A19103F-16F7-4668-BE54-9A1E7A4F7556}") = "R5T.Cherusci", "..\..\R5T.Cherusci\source\R5T.Cherusci\R5T.Cherusci.csproj", "{E20337E9-6048-4DB0-8633-D695A57A609F}"
EndProject
Project("{9A19103F-16F7-4668-BE54-9A1E7A4F7556}") = "R5T.Lombardy.Base", "..\..\R5T.Lombardy.Base\source\R5T.Lombardy.Base\R5T.Lombardy.Base.csproj", "{88C76BB3-BB5A-4D3F-B7F7-A59697814275}"
EndProject
Project("{9A19103F-16F7-4668-BE54-9A1E7A4F7556}") = "R5T.Rugia", "..\..\R5T.Rugia\source\R5T.Rugia\R5T.Rugia.csproj", "{BB4E4AAC-D2D6-41FB-92AE-797E901E1EE4}"
EndProject
Project("{9A19103F-16F7-4668-BE54-9A1E7A4F7556}") = "R5T.Rugia.Base", "..\..\R5T.Rugia.Base\source\R5T.Rugia.Base\R5T.Rugia.Base.csproj", "{8936AABE-B5E9-43D2-8275-9FB28E73F6B9}"
EndProject
Project("{9A19103F-16F7-4668-BE54-9A1E7A4F7556}") = "R5T.D0065.Standard", "..\..\R5T.D0065\source\R5T.D0065.Standard\R5T.D0065.Standard.csproj", "{8E667481-FDEC-4805-910D-04E8935BBD41}"
EndProject
Project("{9A19103F-16F7-4668-BE54-9A1E7A4F7556}") = "R5T.A0001", "..\..\R5T.A0001\source\R5T.A0001\R5T.A0001.csproj", "{79F9C328-A299-4D1C-93D3-4962200822D4}"
EndProject
Project("{9A19103F-16F7-4668-BE54-9A1E7A4F7556}") = "R5T.L0017.D001", "..\..\R5T.L0017\source\R5T.L0017.D001\R5T.L0017.D001.csproj", "{831F26EE-3F8C-481B-AB94-7310B3D0FE73}"
EndProject
Project("{9A19103F-16F7-4668-BE54-9A1E7A4F7556}") = "R5T.L0017", "..\..\R5T.L0017\source\R5T.L0017\R5T.L0017.csproj", "{99F14837-FD2D-4768-980B-3ABC3CC46E92}"
EndProject
Project("{9A19103F-16F7-4668-BE54-9A1E7A4F7556}") = "R5T.L0018.D001", "..\..\R5T.L0018\source\R5T.L0018.D001\R5T.L0018.D001.csproj", "{3BFC341E-8BE3-4908-B21E-FCF37BA8979A}"
EndProject
Project("{9A19103F-16F7-4668-BE54-9A1E7A4F7556}") = "R5T.L0018", "..\..\R5T.L0018\source\R5T.L0018\R5T.L0018.csproj", "{D40A31A1-7BB0-4184-9A25-31F49DEB8D68}"
EndProject
Project("{9A19103F-16F7-4668-BE54-9A1E7A4F7556}") = "R5T.D0071.Default", "..\..\R5T.D0071\source\R5T.D0071.Default\R5T.D0071.Default.csproj", "{31064984-917F-45D3-A972-5E3DB5031E31}"
EndProject
Project("{9A19103F-16F7-4668-BE54-9A1E7A4F7556}") = "R5T.D0071.Base", "..\..\R5T.D0071\source\R5T.D0071.Base\R5T.D0071.Base.csproj", "{AE5202B9-2880-466B-89B4-B34A835720FF}"
EndProject
Project("{9A19103F-16F7-4668-BE54-9A1E7A4F7556}") = "R5T.D0065.D0071", "..\..\R5T.D0065\source\R5T.D0065.D0071\R5T.D0065.D0071.csproj", "{49170817-1E88-4F7A-8AF9-76E0CA30E67C}"
EndProject
Project("{9A19103F-16F7-4668-BE54-9A1E7A4F7556}") = "R5T.D0065.Base", "..\..\R5T.D0065\source\R5T.D0065.Base\R5T.D0065.Base.csproj", "{B8CFA0FE-FC2A-4331-903C-47735FFDFF12}"
EndProject
Project("{9A19103F-16F7-4668-BE54-9A1E7A4F7556}") = "R5T.D0065.Default", "..\..\R5T.D0065\source\R5T.D0065.Default\R5T.D0065.Default.csproj", "{50B398CE-4864-49E4-8729-637C6E98A575}"
EndProject
Project("{9A19103F-16F7-4668-BE54-9A1E7A4F7556}") = "R5T.A0002", "..\..\R5T.A0002\source\R5T.A0002\R5T.A0002.csproj", "{243029B4-0B7F-4001-A17C-2286DAC3E134}"
EndProject
Project("{9A19103F-16F7-4668-BE54-9A1E7A4F7556}") = "R5T.D0070.A001", "..\..\R5T.D0070\source\R5T.D0070.A001\R5T.D0070.A001.csproj", "{6250A1EE-81C8-4718-9EBF-E390795BA1F7}"
EndProject
Project("{9A19103F-16F7-4668-BE54-9A1E7A4F7556}") = "R5T.D0070.Default", "..\..\R5T.D0070\source\R5T.D0070.Default\R5T.D0070.Default.csproj", "{F0FE0CBD-6B3D-4DCC-A671-DF8CD4557D98}"
EndProject
Project("{9A19103F-16F7-4668-BE54-9A1E7A4F7556}") = "R5T.D0062.Base", "..\..\R5T.D0062\source\R5T.D0062.Base\R5T.D0062.Base.csproj", "{89E55888-C140-4175-8F4E-89D43E024F0D}"
EndProject
Project("{9A19103F-16F7-4668-BE54-9A1E7A4F7556}") = "R5T.D0070.Base", "..\..\R5T.D0070\source\R5T.D0070.Base\R5T.D0070.Base.csproj", "{6528F104-71B4-4BD4-8BED-8B1D9D9FD05D}"
EndProject
Project("{9A19103F-16F7-4668-BE54-9A1E7A4F7556}") = "R5T.D0070.Types", "..\..\R5T.D0070\source\R5T.D0070.Types\R5T.D0070.Types.csproj", "{EEE4220C-C924-47AC-BE8D-A9134450FD39}"
EndProject
Project("{9A19103F-16F7-4668-BE54-9A1E7A4F7556}") = "R5T.T0064.T001", "..\..\R5T.T0064\source\R5T.T0064.T001\R5T.T0064.T001.csproj", "{AF160A32-DEFC-4EBE-AB41-A62ECA3B4628}"
EndProject
Project("{9A19103F-16F7-4668-BE54-9A1E7A4F7556}") = "R5T.T0143", "..\..\R5T.T0143\source\R5T.T0143\R5T.T0143.csproj", "{D3729533-A597-4D65-8B43-1B2B659FD54D}"
EndProject
Global
	GlobalSection(NestedProjects) = preSolution
		{2C03D0F2-3E07-47E3-A75D-15475F6F48BB} = {A8375E94-869E-429F-B2DF-45DBDB0E6364}
		{029B2ABB-9854-49A9-B6B0-6F8D226DAA3A} = {A8375E94-869E-429F-B2DF-45DBDB0E6364}
		{59738B37-FEA7-4C27-8EC5-E756AB224B9D} = {A8375E94-869E-429F-B2DF-45DBDB0E6364}
		{1912BCB9-A5DE-4693-AF85-05F9735197F4} = {A8375E94-869E-429F-B2DF-45DBDB0E6364}
		{6236E370-482E-492F-8262-F346DE3FF3FA} = {A8375E94-869E-429F-B2DF-45DBDB0E6364}
		{DC95178D-064C-4DF8-9031-F94829058DFC} = {A8375E94-869E-429F-B2DF-45DBDB0E6364}
		{EB3865EE-70C1-4774-B6E0-99B75D06E913} = {A8375E94-869E-429F-B2DF-45DBDB0E6364}
		{F45B7E21-3645-4E6F-AFD2-12B4DB6C54C2} = {A8375E94-869E-429F-B2DF-45DBDB0E6364}
		{92D67C01-57C8-4074-90A4-C25BC455003B} = {A8375E94-869E-429F-B2DF-45DBDB0E6364}
		{539FB768-EF07-4029-9FD8-132B32B8C5F9} = {A8375E94-869E-429F-B2DF-45DBDB0E6364}
		{EE5CC1A7-0F12-4A57-A471-5AA90BCD1DF9} = {A8375E94-869E-429F-B2DF-45DBDB0E6364}
		{8651AFC2-EEB3-44F5-9613-F476639B18B0} = {A8375E94-869E-429F-B2DF-45DBDB0E6364}
		{F2D0AA14-1DFB-49CA-817A-820905161FD5} = {A8375E94-869E-429F-B2DF-45DBDB0E6364}
		{E320CBA2-211D-40F7-967A-2CDE76A27AB2} = {A8375E94-869E-429F-B2DF-45DBDB0E6364}
		{1753CB95-DD57-4D1F-8BD3-C60D4C1120D8} = {A8375E94-869E-429F-B2DF-45DBDB0E6364}
		{2F726282-439D-496B-ACCD-0E74DB5DDAA4} = {A8375E94-869E-429F-B2DF-45DBDB0E6364}
		{7A36831E-828E-4DAC-A90A-C918A7960829} = {A8375E94-869E-429F-B2DF-45DBDB0E6364}
		{829FC65B-6AD9-4C7A-8454-0A8D907BE59D} = {A8375E94-869E-429F-B2DF-45DBDB0E6364}
		{3A3F9EEF-8288-4279-B1A0-F0D7AF9EA464} = {A8375E94-869E-429F-B2DF-45DBDB0E6364}
		{E4AB16DE-033D-4E30-97E4-25F55CC6037C} = {A8375E94-869E-429F-B2DF-45DBDB0E6364}
		{14511B66-DD9B-4FFE-9FA8-2E60A8BEBE99} = {A8375E94-869E-429F-B2DF-45DBDB0E6364}
		{F9E1D84A-A955-46D6-A5AA-D2D9D2D0531A} = {A8375E94-869E-429F-B2DF-45DBDB0E6364}
		{4D870AD2-8A22-4669-A7FD-94A592637FF5} = {A8375E94-869E-429F-B2DF-45DBDB0E6364}
		{84782690-5EB2-4AE9-B503-662AD10CC369} = {A8375E94-869E-429F-B2DF-45DBDB0E6364}
		{8CE39F48-517F-4452-8BF3-D64B7C8C3D8E} = {A8375E94-869E-429F-B2DF-45DBDB0E6364}
		{27FD76C8-2A7D-4C4F-84FA-287B615C948E} = {A8375E94-869E-429F-B2DF-45DBDB0E6364}
		{E20337E9-6048-4DB0-8633-D695A57A609F} = {A8375E94-869E-429F-B2DF-45DBDB0E6364}
		{88C76BB3-BB5A-4D3F-B7F7-A59697814275} = {A8375E94-869E-429F-B2DF-45DBDB0E6364}
		{BB4E4AAC-D2D6-41FB-92AE-797E901E1EE4} = {A8375E94-869E-429F-B2DF-45DBDB0E6364}
		{8936AABE-B5E9-43D2-8275-9FB28E73F6B9} = {A8375E94-869E-429F-B2DF-45DBDB0E6364}
		{8E667481-FDEC-4805-910D-04E8935BBD41} = {A8375E94-869E-429F-B2DF-45DBDB0E6364}
		{79F9C328-A299-4D1C-93D3-4962200822D4} = {A8375E94-869E-429F-B2DF-45DBDB0E6364}
		{831F26EE-3F8C-481B-AB94-7310B3D0FE73} = {A8375E94-869E-429F-B2DF-45DBDB0E6364}
		{99F14837-FD2D-4768-980B-3ABC3CC46E92} = {A8375E94-869E-429F-B2DF-45DBDB0E6364}
		{3BFC341E-8BE3-4908-B21E-FCF37BA8979A} = {A8375E94-869E-429F-B2DF-45DBDB0E6364}
		{D40A31A1-7BB0-4184-9A25-31F49DEB8D68} = {A8375E94-869E-429F-B2DF-45DBDB0E6364}
		{31064984-917F-45D3-A972-5E3DB5031E31} = {A8375E94-869E-429F-B2DF-45DBDB0E6364}
		{AE5202B9-2880-466B-89B4-B34A835720FF} = {A8375E94-869E-429F-B2DF-45DBDB0E6364}
		{49170817-1E88-4F7A-8AF9-76E0CA30E67C} = {A8375E94-869E-429F-B2DF-45DBDB0E6364}
		{B8CFA0FE-FC2A-4331-903C-47735FFDFF12} = {A8375E94-869E-429F-B2DF-45DBDB0E6364}
		{50B398CE-4864-49E4-8729-637C6E98A575} = {A8375E94-869E-429F-B2DF-45DBDB0E6364}
		{243029B4-0B7F-4001-A17C-2286DAC3E134} = {A8375E94-869E-429F-B2DF-45DBDB0E6364}
		{6250A1EE-81C8-4718-9EBF-E390795BA1F7} = {A8375E94-869E-429F-B2DF-45DBDB0E6364}
		{F0FE0CBD-6B3D-4DCC-A671-DF8CD4557D98} = {A8375E94-869E-429F-B2DF-45DBDB0E6364}
		{89E55888-C140-4175-8F4E-89D43E024F0D} = {A8375E94-869E-429F-B2DF-45DBDB0E6364}
		{6528F104-71B4-4BD4-8BED-8B1D9D9FD05D} = {A8375E94-869E-429F-B2DF-45DBDB0E6364}
		{EEE4220C-C924-47AC-BE8D-A9134450FD39} = {A8375E94-869E-429F-B2DF-45DBDB0E6364}
		{AF160A32-DEFC-4EBE-AB41-A62ECA3B4628} = {A8375E94-869E-429F-B2DF-45DBDB0E6364}
		{D3729533-A597-4D65-8B43-1B2B659FD54D} = {A8375E94-869E-429F-B2DF-45DBDB0E6364}
	EndGlobalSection
	GlobalSection(SolutionConfigurationPlatforms) = preSolution
		Debug|Any CPU = Debug|Any CPU
		Debug|x64 = Debug|x64
		Debug|x86 = Debug|x86
		Release|Any CPU = Release|Any CPU
		Release|x64 = Release|x64
		Release|x86 = Release|x86
	EndGlobalSection
	GlobalSection(ProjectConfigurationPlatforms) = postSolution
		{C3B41891-AE29-427B-AAEA-6B257FED922F}.Debug|Any CPU.ActiveCfg = Debug|Any CPU
		{C3B41891-AE29-427B-AAEA-6B257FED922F}.Debug|Any CPU.Build.0 = Debug|Any CPU
		{C3B41891-AE29-427B-AAEA-6B257FED922F}.Debug|x64.ActiveCfg = Debug|Any CPU
		{C3B41891-AE29-427B-AAEA-6B257FED922F}.Debug|x64.Build.0 = Debug|Any CPU
		{C3B41891-AE29-427B-AAEA-6B257FED922F}.Debug|x86.ActiveCfg = Debug|Any CPU
		{C3B41891-AE29-427B-AAEA-6B257FED922F}.Debug|x86.Build.0 = Debug|Any CPU
		{C3B41891-AE29-427B-AAEA-6B257FED922F}.Release|Any CPU.ActiveCfg = Release|Any CPU
		{C3B41891-AE29-427B-AAEA-6B257FED922F}.Release|Any CPU.Build.0 = Release|Any CPU
		{C3B41891-AE29-427B-AAEA-6B257FED922F}.Release|x64.ActiveCfg = Release|Any CPU
		{C3B41891-AE29-427B-AAEA-6B257FED922F}.Release|x64.Build.0 = Release|Any CPU
		{C3B41891-AE29-427B-AAEA-6B257FED922F}.Release|x86.ActiveCfg = Release|Any CPU
		{C3B41891-AE29-427B-AAEA-6B257FED922F}.Release|x86.Build.0 = Release|Any CPU
		{9A8ED069-F0AB-4774-98D5-53AEC203090B}.Debug|Any CPU.ActiveCfg = Debug|Any CPU
		{9A8ED069-F0AB-4774-98D5-53AEC203090B}.Debug|Any CPU.Build.0 = Debug|Any CPU
		{9A8ED069-F0AB-4774-98D5-53AEC203090B}.Debug|x64.ActiveCfg = Debug|Any CPU
		{9A8ED069-F0AB-4774-98D5-53AEC203090B}.Debug|x64.Build.0 = Debug|Any CPU
		{9A8ED069-F0AB-4774-98D5-53AEC203090B}.Debug|x86.ActiveCfg = Debug|Any CPU
		{9A8ED069-F0AB-4774-98D5-53AEC203090B}.Debug|x86.Build.0 = Debug|Any CPU
		{9A8ED069-F0AB-4774-98D5-53AEC203090B}.Release|Any CPU.ActiveCfg = Release|Any CPU
		{9A8ED069-F0AB-4774-98D5-53AEC203090B}.Release|Any CPU.Build.0 = Release|Any CPU
		{9A8ED069-F0AB-4774-98D5-53AEC203090B}.Release|x64.ActiveCfg = Release|Any CPU
		{9A8ED069-F0AB-4774-98D5-53AEC203090B}.Release|x64.Build.0 = Release|Any CPU
		{9A8ED069-F0AB-4774-98D5-53AEC203090B}.Release|x86.ActiveCfg = Release|Any CPU
		{9A8ED069-F0AB-4774-98D5-53AEC203090B}.Release|x86.Build.0 = Release|Any CPU
		{2C03D0F2-3E07-47E3-A75D-15475F6F48BB}.Debug|Any CPU.ActiveCfg = Debug|Any CPU
		{2C03D0F2-3E07-47E3-A75D-15475F6F48BB}.Debug|Any CPU.Build.0 = Debug|Any CPU
		{2C03D0F2-3E07-47E3-A75D-15475F6F48BB}.Debug|x64.ActiveCfg = Debug|Any CPU
		{2C03D0F2-3E07-47E3-A75D-15475F6F48BB}.Debug|x64.Build.0 = Debug|Any CPU
		{2C03D0F2-3E07-47E3-A75D-15475F6F48BB}.Debug|x86.ActiveCfg = Debug|Any CPU
		{2C03D0F2-3E07-47E3-A75D-15475F6F48BB}.Debug|x86.Build.0 = Debug|Any CPU
		{2C03D0F2-3E07-47E3-A75D-15475F6F48BB}.Release|Any CPU.ActiveCfg = Release|Any CPU
		{2C03D0F2-3E07-47E3-A75D-15475F6F48BB}.Release|Any CPU.Build.0 = Release|Any CPU
		{2C03D0F2-3E07-47E3-A75D-15475F6F48BB}.Release|x64.ActiveCfg = Release|Any CPU
		{2C03D0F2-3E07-47E3-A75D-15475F6F48BB}.Release|x64.Build.0 = Release|Any CPU
		{2C03D0F2-3E07-47E3-A75D-15475F6F48BB}.Release|x86.ActiveCfg = Release|Any CPU
		{2C03D0F2-3E07-47E3-A75D-15475F6F48BB}.Release|x86.Build.0 = Release|Any CPU
		{029B2ABB-9854-49A9-B6B0-6F8D226DAA3A}.Debug|Any CPU.ActiveCfg = Debug|Any CPU
		{029B2ABB-9854-49A9-B6B0-6F8D226DAA3A}.Debug|Any CPU.Build.0 = Debug|Any CPU
		{029B2ABB-9854-49A9-B6B0-6F8D226DAA3A}.Debug|x64.ActiveCfg = Debug|Any CPU
		{029B2ABB-9854-49A9-B6B0-6F8D226DAA3A}.Debug|x64.Build.0 = Debug|Any CPU
		{029B2ABB-9854-49A9-B6B0-6F8D226DAA3A}.Debug|x86.ActiveCfg = Debug|Any CPU
		{029B2ABB-9854-49A9-B6B0-6F8D226DAA3A}.Debug|x86.Build.0 = Debug|Any CPU
		{029B2ABB-9854-49A9-B6B0-6F8D226DAA3A}.Release|Any CPU.ActiveCfg = Release|Any CPU
		{029B2ABB-9854-49A9-B6B0-6F8D226DAA3A}.Release|Any CPU.Build.0 = Release|Any CPU
		{029B2ABB-9854-49A9-B6B0-6F8D226DAA3A}.Release|x64.ActiveCfg = Release|Any CPU
		{029B2ABB-9854-49A9-B6B0-6F8D226DAA3A}.Release|x64.Build.0 = Release|Any CPU
		{029B2ABB-9854-49A9-B6B0-6F8D226DAA3A}.Release|x86.ActiveCfg = Release|Any CPU
		{029B2ABB-9854-49A9-B6B0-6F8D226DAA3A}.Release|x86.Build.0 = Release|Any CPU
		{59738B37-FEA7-4C27-8EC5-E756AB224B9D}.Debug|Any CPU.ActiveCfg = Debug|Any CPU
		{59738B37-FEA7-4C27-8EC5-E756AB224B9D}.Debug|Any CPU.Build.0 = Debug|Any CPU
		{59738B37-FEA7-4C27-8EC5-E756AB224B9D}.Debug|x64.ActiveCfg = Debug|Any CPU
		{59738B37-FEA7-4C27-8EC5-E756AB224B9D}.Debug|x64.Build.0 = Debug|Any CPU
		{59738B37-FEA7-4C27-8EC5-E756AB224B9D}.Debug|x86.ActiveCfg = Debug|Any CPU
		{59738B37-FEA7-4C27-8EC5-E756AB224B9D}.Debug|x86.Build.0 = Debug|Any CPU
		{59738B37-FEA7-4C27-8EC5-E756AB224B9D}.Release|Any CPU.ActiveCfg = Release|Any CPU
		{59738B37-FEA7-4C27-8EC5-E756AB224B9D}.Release|Any CPU.Build.0 = Release|Any CPU
		{59738B37-FEA7-4C27-8EC5-E756AB224B9D}.Release|x64.ActiveCfg = Release|Any CPU
		{59738B37-FEA7-4C27-8EC5-E756AB224B9D}.Release|x64.Build.0 = Release|Any CPU
		{59738B37-FEA7-4C27-8EC5-E756AB224B9D}.Release|x86.ActiveCfg = Release|Any CPU
		{59738B37-FEA7-4C27-8EC5-E756AB224B9D}.Release|x86.Build.0 = Release|Any CPU
		{1912BCB9-A5DE-4693-AF85-05F9735197F4}.Debug|Any CPU.ActiveCfg = Debug|Any CPU
		{1912BCB9-A5DE-4693-AF85-05F9735197F4}.Debug|Any CPU.Build.0 = Debug|Any CPU
		{1912BCB9-A5DE-4693-AF85-05F9735197F4}.Debug|x64.ActiveCfg = Debug|Any CPU
		{1912BCB9-A5DE-4693-AF85-05F9735197F4}.Debug|x64.Build.0 = Debug|Any CPU
		{1912BCB9-A5DE-4693-AF85-05F9735197F4}.Debug|x86.ActiveCfg = Debug|Any CPU
		{1912BCB9-A5DE-4693-AF85-05F9735197F4}.Debug|x86.Build.0 = Debug|Any CPU
		{1912BCB9-A5DE-4693-AF85-05F9735197F4}.Release|Any CPU.ActiveCfg = Release|Any CPU
		{1912BCB9-A5DE-4693-AF85-05F9735197F4}.Release|Any CPU.Build.0 = Release|Any CPU
		{1912BCB9-A5DE-4693-AF85-05F9735197F4}.Release|x64.ActiveCfg = Release|Any CPU
		{1912BCB9-A5DE-4693-AF85-05F9735197F4}.Release|x64.Build.0 = Release|Any CPU
		{1912BCB9-A5DE-4693-AF85-05F9735197F4}.Release|x86.ActiveCfg = Release|Any CPU
		{1912BCB9-A5DE-4693-AF85-05F9735197F4}.Release|x86.Build.0 = Release|Any CPU
		{6236E370-482E-492F-8262-F346DE3FF3FA}.Debug|Any CPU.ActiveCfg = Debug|Any CPU
		{6236E370-482E-492F-8262-F346DE3FF3FA}.Debug|Any CPU.Build.0 = Debug|Any CPU
		{6236E370-482E-492F-8262-F346DE3FF3FA}.Debug|x64.ActiveCfg = Debug|Any CPU
		{6236E370-482E-492F-8262-F346DE3FF3FA}.Debug|x64.Build.0 = Debug|Any CPU
		{6236E370-482E-492F-8262-F346DE3FF3FA}.Debug|x86.ActiveCfg = Debug|Any CPU
		{6236E370-482E-492F-8262-F346DE3FF3FA}.Debug|x86.Build.0 = Debug|Any CPU
		{6236E370-482E-492F-8262-F346DE3FF3FA}.Release|Any CPU.ActiveCfg = Release|Any CPU
		{6236E370-482E-492F-8262-F346DE3FF3FA}.Release|Any CPU.Build.0 = Release|Any CPU
		{6236E370-482E-492F-8262-F346DE3FF3FA}.Release|x64.ActiveCfg = Release|Any CPU
		{6236E370-482E-492F-8262-F346DE3FF3FA}.Release|x64.Build.0 = Release|Any CPU
		{6236E370-482E-492F-8262-F346DE3FF3FA}.Release|x86.ActiveCfg = Release|Any CPU
		{6236E370-482E-492F-8262-F346DE3FF3FA}.Release|x86.Build.0 = Release|Any CPU
		{DC95178D-064C-4DF8-9031-F94829058DFC}.Debug|Any CPU.ActiveCfg = Debug|Any CPU
		{DC95178D-064C-4DF8-9031-F94829058DFC}.Debug|Any CPU.Build.0 = Debug|Any CPU
		{DC95178D-064C-4DF8-9031-F94829058DFC}.Debug|x64.ActiveCfg = Debug|Any CPU
		{DC95178D-064C-4DF8-9031-F94829058DFC}.Debug|x64.Build.0 = Debug|Any CPU
		{DC95178D-064C-4DF8-9031-F94829058DFC}.Debug|x86.ActiveCfg = Debug|Any CPU
		{DC95178D-064C-4DF8-9031-F94829058DFC}.Debug|x86.Build.0 = Debug|Any CPU
		{DC95178D-064C-4DF8-9031-F94829058DFC}.Release|Any CPU.ActiveCfg = Release|Any CPU
		{DC95178D-064C-4DF8-9031-F94829058DFC}.Release|Any CPU.Build.0 = Release|Any CPU
		{DC95178D-064C-4DF8-9031-F94829058DFC}.Release|x64.ActiveCfg = Release|Any CPU
		{DC95178D-064C-4DF8-9031-F94829058DFC}.Release|x64.Build.0 = Release|Any CPU
		{DC95178D-064C-4DF8-9031-F94829058DFC}.Release|x86.ActiveCfg = Release|Any CPU
		{DC95178D-064C-4DF8-9031-F94829058DFC}.Release|x86.Build.0 = Release|Any CPU
		{EB3865EE-70C1-4774-B6E0-99B75D06E913}.Debug|Any CPU.ActiveCfg = Debug|Any CPU
		{EB3865EE-70C1-4774-B6E0-99B75D06E913}.Debug|Any CPU.Build.0 = Debug|Any CPU
		{EB3865EE-70C1-4774-B6E0-99B75D06E913}.Debug|x64.ActiveCfg = Debug|Any CPU
		{EB3865EE-70C1-4774-B6E0-99B75D06E913}.Debug|x64.Build.0 = Debug|Any CPU
		{EB3865EE-70C1-4774-B6E0-99B75D06E913}.Debug|x86.ActiveCfg = Debug|Any CPU
		{EB3865EE-70C1-4774-B6E0-99B75D06E913}.Debug|x86.Build.0 = Debug|Any CPU
		{EB3865EE-70C1-4774-B6E0-99B75D06E913}.Release|Any CPU.ActiveCfg = Release|Any CPU
		{EB3865EE-70C1-4774-B6E0-99B75D06E913}.Release|Any CPU.Build.0 = Release|Any CPU
		{EB3865EE-70C1-4774-B6E0-99B75D06E913}.Release|x64.ActiveCfg = Release|Any CPU
		{EB3865EE-70C1-4774-B6E0-99B75D06E913}.Release|x64.Build.0 = Release|Any CPU
		{EB3865EE-70C1-4774-B6E0-99B75D06E913}.Release|x86.ActiveCfg = Release|Any CPU
		{EB3865EE-70C1-4774-B6E0-99B75D06E913}.Release|x86.Build.0 = Release|Any CPU
		{F45B7E21-3645-4E6F-AFD2-12B4DB6C54C2}.Debug|Any CPU.ActiveCfg = Debug|Any CPU
		{F45B7E21-3645-4E6F-AFD2-12B4DB6C54C2}.Debug|Any CPU.Build.0 = Debug|Any CPU
		{F45B7E21-3645-4E6F-AFD2-12B4DB6C54C2}.Debug|x64.ActiveCfg = Debug|Any CPU
		{F45B7E21-3645-4E6F-AFD2-12B4DB6C54C2}.Debug|x64.Build.0 = Debug|Any CPU
		{F45B7E21-3645-4E6F-AFD2-12B4DB6C54C2}.Debug|x86.ActiveCfg = Debug|Any CPU
		{F45B7E21-3645-4E6F-AFD2-12B4DB6C54C2}.Debug|x86.Build.0 = Debug|Any CPU
		{F45B7E21-3645-4E6F-AFD2-12B4DB6C54C2}.Release|Any CPU.ActiveCfg = Release|Any CPU
		{F45B7E21-3645-4E6F-AFD2-12B4DB6C54C2}.Release|Any CPU.Build.0 = Release|Any CPU
		{F45B7E21-3645-4E6F-AFD2-12B4DB6C54C2}.Release|x64.ActiveCfg = Release|Any CPU
		{F45B7E21-3645-4E6F-AFD2-12B4DB6C54C2}.Release|x64.Build.0 = Release|Any CPU
		{F45B7E21-3645-4E6F-AFD2-12B4DB6C54C2}.Release|x86.ActiveCfg = Release|Any CPU
		{F45B7E21-3645-4E6F-AFD2-12B4DB6C54C2}.Release|x86.Build.0 = Release|Any CPU
		{92D67C01-57C8-4074-90A4-C25BC455003B}.Debug|Any CPU.ActiveCfg = Debug|Any CPU
		{92D67C01-57C8-4074-90A4-C25BC455003B}.Debug|Any CPU.Build.0 = Debug|Any CPU
		{92D67C01-57C8-4074-90A4-C25BC455003B}.Debug|x64.ActiveCfg = Debug|Any CPU
		{92D67C01-57C8-4074-90A4-C25BC455003B}.Debug|x64.Build.0 = Debug|Any CPU
		{92D67C01-57C8-4074-90A4-C25BC455003B}.Debug|x86.ActiveCfg = Debug|Any CPU
		{92D67C01-57C8-4074-90A4-C25BC455003B}.Debug|x86.Build.0 = Debug|Any CPU
		{92D67C01-57C8-4074-90A4-C25BC455003B}.Release|Any CPU.ActiveCfg = Release|Any CPU
		{92D67C01-57C8-4074-90A4-C25BC455003B}.Release|Any CPU.Build.0 = Release|Any CPU
		{92D67C01-57C8-4074-90A4-C25BC455003B}.Release|x64.ActiveCfg = Release|Any CPU
		{92D67C01-57C8-4074-90A4-C25BC455003B}.Release|x64.Build.0 = Release|Any CPU
		{92D67C01-57C8-4074-90A4-C25BC455003B}.Release|x86.ActiveCfg = Release|Any CPU
		{92D67C01-57C8-4074-90A4-C25BC455003B}.Release|x86.Build.0 = Release|Any CPU
		{539FB768-EF07-4029-9FD8-132B32B8C5F9}.Debug|Any CPU.ActiveCfg = Debug|Any CPU
		{539FB768-EF07-4029-9FD8-132B32B8C5F9}.Debug|Any CPU.Build.0 = Debug|Any CPU
		{539FB768-EF07-4029-9FD8-132B32B8C5F9}.Debug|x64.ActiveCfg = Debug|Any CPU
		{539FB768-EF07-4029-9FD8-132B32B8C5F9}.Debug|x64.Build.0 = Debug|Any CPU
		{539FB768-EF07-4029-9FD8-132B32B8C5F9}.Debug|x86.ActiveCfg = Debug|Any CPU
		{539FB768-EF07-4029-9FD8-132B32B8C5F9}.Debug|x86.Build.0 = Debug|Any CPU
		{539FB768-EF07-4029-9FD8-132B32B8C5F9}.Release|Any CPU.ActiveCfg = Release|Any CPU
		{539FB768-EF07-4029-9FD8-132B32B8C5F9}.Release|Any CPU.Build.0 = Release|Any CPU
		{539FB768-EF07-4029-9FD8-132B32B8C5F9}.Release|x64.ActiveCfg = Release|Any CPU
		{539FB768-EF07-4029-9FD8-132B32B8C5F9}.Release|x64.Build.0 = Release|Any CPU
		{539FB768-EF07-4029-9FD8-132B32B8C5F9}.Release|x86.ActiveCfg = Release|Any CPU
		{539FB768-EF07-4029-9FD8-132B32B8C5F9}.Release|x86.Build.0 = Release|Any CPU
		{EE5CC1A7-0F12-4A57-A471-5AA90BCD1DF9}.Debug|Any CPU.ActiveCfg = Debug|Any CPU
		{EE5CC1A7-0F12-4A57-A471-5AA90BCD1DF9}.Debug|Any CPU.Build.0 = Debug|Any CPU
		{EE5CC1A7-0F12-4A57-A471-5AA90BCD1DF9}.Debug|x64.ActiveCfg = Debug|Any CPU
		{EE5CC1A7-0F12-4A57-A471-5AA90BCD1DF9}.Debug|x64.Build.0 = Debug|Any CPU
		{EE5CC1A7-0F12-4A57-A471-5AA90BCD1DF9}.Debug|x86.ActiveCfg = Debug|Any CPU
		{EE5CC1A7-0F12-4A57-A471-5AA90BCD1DF9}.Debug|x86.Build.0 = Debug|Any CPU
		{EE5CC1A7-0F12-4A57-A471-5AA90BCD1DF9}.Release|Any CPU.ActiveCfg = Release|Any CPU
		{EE5CC1A7-0F12-4A57-A471-5AA90BCD1DF9}.Release|Any CPU.Build.0 = Release|Any CPU
		{EE5CC1A7-0F12-4A57-A471-5AA90BCD1DF9}.Release|x64.ActiveCfg = Release|Any CPU
		{EE5CC1A7-0F12-4A57-A471-5AA90BCD1DF9}.Release|x64.Build.0 = Release|Any CPU
		{EE5CC1A7-0F12-4A57-A471-5AA90BCD1DF9}.Release|x86.ActiveCfg = Release|Any CPU
		{EE5CC1A7-0F12-4A57-A471-5AA90BCD1DF9}.Release|x86.Build.0 = Release|Any CPU
		{8651AFC2-EEB3-44F5-9613-F476639B18B0}.Debug|Any CPU.ActiveCfg = Debug|Any CPU
		{8651AFC2-EEB3-44F5-9613-F476639B18B0}.Debug|Any CPU.Build.0 = Debug|Any CPU
		{8651AFC2-EEB3-44F5-9613-F476639B18B0}.Debug|x64.ActiveCfg = Debug|Any CPU
		{8651AFC2-EEB3-44F5-9613-F476639B18B0}.Debug|x64.Build.0 = Debug|Any CPU
		{8651AFC2-EEB3-44F5-9613-F476639B18B0}.Debug|x86.ActiveCfg = Debug|Any CPU
		{8651AFC2-EEB3-44F5-9613-F476639B18B0}.Debug|x86.Build.0 = Debug|Any CPU
		{8651AFC2-EEB3-44F5-9613-F476639B18B0}.Release|Any CPU.ActiveCfg = Release|Any CPU
		{8651AFC2-EEB3-44F5-9613-F476639B18B0}.Release|Any CPU.Build.0 = Release|Any CPU
		{8651AFC2-EEB3-44F5-9613-F476639B18B0}.Release|x64.ActiveCfg = Release|Any CPU
		{8651AFC2-EEB3-44F5-9613-F476639B18B0}.Release|x64.Build.0 = Release|Any CPU
		{8651AFC2-EEB3-44F5-9613-F476639B18B0}.Release|x86.ActiveCfg = Release|Any CPU
		{8651AFC2-EEB3-44F5-9613-F476639B18B0}.Release|x86.Build.0 = Release|Any CPU
		{F2D0AA14-1DFB-49CA-817A-820905161FD5}.Debug|Any CPU.ActiveCfg = Debug|Any CPU
		{F2D0AA14-1DFB-49CA-817A-820905161FD5}.Debug|Any CPU.Build.0 = Debug|Any CPU
		{F2D0AA14-1DFB-49CA-817A-820905161FD5}.Debug|x64.ActiveCfg = Debug|Any CPU
		{F2D0AA14-1DFB-49CA-817A-820905161FD5}.Debug|x64.Build.0 = Debug|Any CPU
		{F2D0AA14-1DFB-49CA-817A-820905161FD5}.Debug|x86.ActiveCfg = Debug|Any CPU
		{F2D0AA14-1DFB-49CA-817A-820905161FD5}.Debug|x86.Build.0 = Debug|Any CPU
		{F2D0AA14-1DFB-49CA-817A-820905161FD5}.Release|Any CPU.ActiveCfg = Release|Any CPU
		{F2D0AA14-1DFB-49CA-817A-820905161FD5}.Release|Any CPU.Build.0 = Release|Any CPU
		{F2D0AA14-1DFB-49CA-817A-820905161FD5}.Release|x64.ActiveCfg = Release|Any CPU
		{F2D0AA14-1DFB-49CA-817A-820905161FD5}.Release|x64.Build.0 = Release|Any CPU
		{F2D0AA14-1DFB-49CA-817A-820905161FD5}.Release|x86.ActiveCfg = Release|Any CPU
		{F2D0AA14-1DFB-49CA-817A-820905161FD5}.Release|x86.Build.0 = Release|Any CPU
		{E320CBA2-211D-40F7-967A-2CDE76A27AB2}.Debug|Any CPU.ActiveCfg = Debug|Any CPU
		{E320CBA2-211D-40F7-967A-2CDE76A27AB2}.Debug|Any CPU.Build.0 = Debug|Any CPU
		{E320CBA2-211D-40F7-967A-2CDE76A27AB2}.Debug|x64.ActiveCfg = Debug|Any CPU
		{E320CBA2-211D-40F7-967A-2CDE76A27AB2}.Debug|x64.Build.0 = Debug|Any CPU
		{E320CBA2-211D-40F7-967A-2CDE76A27AB2}.Debug|x86.ActiveCfg = Debug|Any CPU
		{E320CBA2-211D-40F7-967A-2CDE76A27AB2}.Debug|x86.Build.0 = Debug|Any CPU
		{E320CBA2-211D-40F7-967A-2CDE76A27AB2}.Release|Any CPU.ActiveCfg = Release|Any CPU
		{E320CBA2-211D-40F7-967A-2CDE76A27AB2}.Release|Any CPU.Build.0 = Release|Any CPU
		{E320CBA2-211D-40F7-967A-2CDE76A27AB2}.Release|x64.ActiveCfg = Release|Any CPU
		{E320CBA2-211D-40F7-967A-2CDE76A27AB2}.Release|x64.Build.0 = Release|Any CPU
		{E320CBA2-211D-40F7-967A-2CDE76A27AB2}.Release|x86.ActiveCfg = Release|Any CPU
		{E320CBA2-211D-40F7-967A-2CDE76A27AB2}.Release|x86.Build.0 = Release|Any CPU
		{1753CB95-DD57-4D1F-8BD3-C60D4C1120D8}.Debug|Any CPU.ActiveCfg = Debug|Any CPU
		{1753CB95-DD57-4D1F-8BD3-C60D4C1120D8}.Debug|Any CPU.Build.0 = Debug|Any CPU
		{1753CB95-DD57-4D1F-8BD3-C60D4C1120D8}.Debug|x64.ActiveCfg = Debug|Any CPU
		{1753CB95-DD57-4D1F-8BD3-C60D4C1120D8}.Debug|x64.Build.0 = Debug|Any CPU
		{1753CB95-DD57-4D1F-8BD3-C60D4C1120D8}.Debug|x86.ActiveCfg = Debug|Any CPU
		{1753CB95-DD57-4D1F-8BD3-C60D4C1120D8}.Debug|x86.Build.0 = Debug|Any CPU
		{1753CB95-DD57-4D1F-8BD3-C60D4C1120D8}.Release|Any CPU.ActiveCfg = Release|Any CPU
		{1753CB95-DD57-4D1F-8BD3-C60D4C1120D8}.Release|Any CPU.Build.0 = Release|Any CPU
		{1753CB95-DD57-4D1F-8BD3-C60D4C1120D8}.Release|x64.ActiveCfg = Release|Any CPU
		{1753CB95-DD57-4D1F-8BD3-C60D4C1120D8}.Release|x64.Build.0 = Release|Any CPU
		{1753CB95-DD57-4D1F-8BD3-C60D4C1120D8}.Release|x86.ActiveCfg = Release|Any CPU
		{1753CB95-DD57-4D1F-8BD3-C60D4C1120D8}.Release|x86.Build.0 = Release|Any CPU
		{2F726282-439D-496B-ACCD-0E74DB5DDAA4}.Debug|Any CPU.ActiveCfg = Debug|Any CPU
		{2F726282-439D-496B-ACCD-0E74DB5DDAA4}.Debug|Any CPU.Build.0 = Debug|Any CPU
		{2F726282-439D-496B-ACCD-0E74DB5DDAA4}.Debug|x64.ActiveCfg = Debug|Any CPU
		{2F726282-439D-496B-ACCD-0E74DB5DDAA4}.Debug|x64.Build.0 = Debug|Any CPU
		{2F726282-439D-496B-ACCD-0E74DB5DDAA4}.Debug|x86.ActiveCfg = Debug|Any CPU
		{2F726282-439D-496B-ACCD-0E74DB5DDAA4}.Debug|x86.Build.0 = Debug|Any CPU
		{2F726282-439D-496B-ACCD-0E74DB5DDAA4}.Release|Any CPU.ActiveCfg = Release|Any CPU
		{2F726282-439D-496B-ACCD-0E74DB5DDAA4}.Release|Any CPU.Build.0 = Release|Any CPU
		{2F726282-439D-496B-ACCD-0E74DB5DDAA4}.Release|x64.ActiveCfg = Release|Any CPU
		{2F726282-439D-496B-ACCD-0E74DB5DDAA4}.Release|x64.Build.0 = Release|Any CPU
		{2F726282-439D-496B-ACCD-0E74DB5DDAA4}.Release|x86.ActiveCfg = Release|Any CPU
		{2F726282-439D-496B-ACCD-0E74DB5DDAA4}.Release|x86.Build.0 = Release|Any CPU
		{7A36831E-828E-4DAC-A90A-C918A7960829}.Debug|Any CPU.ActiveCfg = Debug|Any CPU
		{7A36831E-828E-4DAC-A90A-C918A7960829}.Debug|Any CPU.Build.0 = Debug|Any CPU
		{7A36831E-828E-4DAC-A90A-C918A7960829}.Debug|x64.ActiveCfg = Debug|Any CPU
		{7A36831E-828E-4DAC-A90A-C918A7960829}.Debug|x64.Build.0 = Debug|Any CPU
		{7A36831E-828E-4DAC-A90A-C918A7960829}.Debug|x86.ActiveCfg = Debug|Any CPU
		{7A36831E-828E-4DAC-A90A-C918A7960829}.Debug|x86.Build.0 = Debug|Any CPU
		{7A36831E-828E-4DAC-A90A-C918A7960829}.Release|Any CPU.ActiveCfg = Release|Any CPU
		{7A36831E-828E-4DAC-A90A-C918A7960829}.Release|Any CPU.Build.0 = Release|Any CPU
		{7A36831E-828E-4DAC-A90A-C918A7960829}.Release|x64.ActiveCfg = Release|Any CPU
		{7A36831E-828E-4DAC-A90A-C918A7960829}.Release|x64.Build.0 = Release|Any CPU
		{7A36831E-828E-4DAC-A90A-C918A7960829}.Release|x86.ActiveCfg = Release|Any CPU
		{7A36831E-828E-4DAC-A90A-C918A7960829}.Release|x86.Build.0 = Release|Any CPU
		{829FC65B-6AD9-4C7A-8454-0A8D907BE59D}.Debug|Any CPU.ActiveCfg = Debug|Any CPU
		{829FC65B-6AD9-4C7A-8454-0A8D907BE59D}.Debug|Any CPU.Build.0 = Debug|Any CPU
		{829FC65B-6AD9-4C7A-8454-0A8D907BE59D}.Debug|x64.ActiveCfg = Debug|Any CPU
		{829FC65B-6AD9-4C7A-8454-0A8D907BE59D}.Debug|x64.Build.0 = Debug|Any CPU
		{829FC65B-6AD9-4C7A-8454-0A8D907BE59D}.Debug|x86.ActiveCfg = Debug|Any CPU
		{829FC65B-6AD9-4C7A-8454-0A8D907BE59D}.Debug|x86.Build.0 = Debug|Any CPU
		{829FC65B-6AD9-4C7A-8454-0A8D907BE59D}.Release|Any CPU.ActiveCfg = Release|Any CPU
		{829FC65B-6AD9-4C7A-8454-0A8D907BE59D}.Release|Any CPU.Build.0 = Release|Any CPU
		{829FC65B-6AD9-4C7A-8454-0A8D907BE59D}.Release|x64.ActiveCfg = Release|Any CPU
		{829FC65B-6AD9-4C7A-8454-0A8D907BE59D}.Release|x64.Build.0 = Release|Any CPU
		{829FC65B-6AD9-4C7A-8454-0A8D907BE59D}.Release|x86.ActiveCfg = Release|Any CPU
		{829FC65B-6AD9-4C7A-8454-0A8D907BE59D}.Release|x86.Build.0 = Release|Any CPU
		{3A3F9EEF-8288-4279-B1A0-F0D7AF9EA464}.Debug|Any CPU.ActiveCfg = Debug|Any CPU
		{3A3F9EEF-8288-4279-B1A0-F0D7AF9EA464}.Debug|Any CPU.Build.0 = Debug|Any CPU
		{3A3F9EEF-8288-4279-B1A0-F0D7AF9EA464}.Debug|x64.ActiveCfg = Debug|Any CPU
		{3A3F9EEF-8288-4279-B1A0-F0D7AF9EA464}.Debug|x64.Build.0 = Debug|Any CPU
		{3A3F9EEF-8288-4279-B1A0-F0D7AF9EA464}.Debug|x86.ActiveCfg = Debug|Any CPU
		{3A3F9EEF-8288-4279-B1A0-F0D7AF9EA464}.Debug|x86.Build.0 = Debug|Any CPU
		{3A3F9EEF-8288-4279-B1A0-F0D7AF9EA464}.Release|Any CPU.ActiveCfg = Release|Any CPU
		{3A3F9EEF-8288-4279-B1A0-F0D7AF9EA464}.Release|Any CPU.Build.0 = Release|Any CPU
		{3A3F9EEF-8288-4279-B1A0-F0D7AF9EA464}.Release|x64.ActiveCfg = Release|Any CPU
		{3A3F9EEF-8288-4279-B1A0-F0D7AF9EA464}.Release|x64.Build.0 = Release|Any CPU
		{3A3F9EEF-8288-4279-B1A0-F0D7AF9EA464}.Release|x86.ActiveCfg = Release|Any CPU
		{3A3F9EEF-8288-4279-B1A0-F0D7AF9EA464}.Release|x86.Build.0 = Release|Any CPU
		{E4AB16DE-033D-4E30-97E4-25F55CC6037C}.Debug|Any CPU.ActiveCfg = Debug|Any CPU
		{E4AB16DE-033D-4E30-97E4-25F55CC6037C}.Debug|Any CPU.Build.0 = Debug|Any CPU
		{E4AB16DE-033D-4E30-97E4-25F55CC6037C}.Debug|x64.ActiveCfg = Debug|Any CPU
		{E4AB16DE-033D-4E30-97E4-25F55CC6037C}.Debug|x64.Build.0 = Debug|Any CPU
		{E4AB16DE-033D-4E30-97E4-25F55CC6037C}.Debug|x86.ActiveCfg = Debug|Any CPU
		{E4AB16DE-033D-4E30-97E4-25F55CC6037C}.Debug|x86.Build.0 = Debug|Any CPU
		{E4AB16DE-033D-4E30-97E4-25F55CC6037C}.Release|Any CPU.ActiveCfg = Release|Any CPU
		{E4AB16DE-033D-4E30-97E4-25F55CC6037C}.Release|Any CPU.Build.0 = Release|Any CPU
		{E4AB16DE-033D-4E30-97E4-25F55CC6037C}.Release|x64.ActiveCfg = Release|Any CPU
		{E4AB16DE-033D-4E30-97E4-25F55CC6037C}.Release|x64.Build.0 = Release|Any CPU
		{E4AB16DE-033D-4E30-97E4-25F55CC6037C}.Release|x86.ActiveCfg = Release|Any CPU
		{E4AB16DE-033D-4E30-97E4-25F55CC6037C}.Release|x86.Build.0 = Release|Any CPU
		{14511B66-DD9B-4FFE-9FA8-2E60A8BEBE99}.Debug|Any CPU.ActiveCfg = Debug|Any CPU
		{14511B66-DD9B-4FFE-9FA8-2E60A8BEBE99}.Debug|Any CPU.Build.0 = Debug|Any CPU
		{14511B66-DD9B-4FFE-9FA8-2E60A8BEBE99}.Debug|x64.ActiveCfg = Debug|Any CPU
		{14511B66-DD9B-4FFE-9FA8-2E60A8BEBE99}.Debug|x64.Build.0 = Debug|Any CPU
		{14511B66-DD9B-4FFE-9FA8-2E60A8BEBE99}.Debug|x86.ActiveCfg = Debug|Any CPU
		{14511B66-DD9B-4FFE-9FA8-2E60A8BEBE99}.Debug|x86.Build.0 = Debug|Any CPU
		{14511B66-DD9B-4FFE-9FA8-2E60A8BEBE99}.Release|Any CPU.ActiveCfg = Release|Any CPU
		{14511B66-DD9B-4FFE-9FA8-2E60A8BEBE99}.Release|Any CPU.Build.0 = Release|Any CPU
		{14511B66-DD9B-4FFE-9FA8-2E60A8BEBE99}.Release|x64.ActiveCfg = Release|Any CPU
		{14511B66-DD9B-4FFE-9FA8-2E60A8BEBE99}.Release|x64.Build.0 = Release|Any CPU
		{14511B66-DD9B-4FFE-9FA8-2E60A8BEBE99}.Release|x86.ActiveCfg = Release|Any CPU
		{14511B66-DD9B-4FFE-9FA8-2E60A8BEBE99}.Release|x86.Build.0 = Release|Any CPU
		{F9E1D84A-A955-46D6-A5AA-D2D9D2D0531A}.Debug|Any CPU.ActiveCfg = Debug|Any CPU
		{F9E1D84A-A955-46D6-A5AA-D2D9D2D0531A}.Debug|Any CPU.Build.0 = Debug|Any CPU
		{F9E1D84A-A955-46D6-A5AA-D2D9D2D0531A}.Debug|x64.ActiveCfg = Debug|Any CPU
		{F9E1D84A-A955-46D6-A5AA-D2D9D2D0531A}.Debug|x64.Build.0 = Debug|Any CPU
		{F9E1D84A-A955-46D6-A5AA-D2D9D2D0531A}.Debug|x86.ActiveCfg = Debug|Any CPU
		{F9E1D84A-A955-46D6-A5AA-D2D9D2D0531A}.Debug|x86.Build.0 = Debug|Any CPU
		{F9E1D84A-A955-46D6-A5AA-D2D9D2D0531A}.Release|Any CPU.ActiveCfg = Release|Any CPU
		{F9E1D84A-A955-46D6-A5AA-D2D9D2D0531A}.Release|Any CPU.Build.0 = Release|Any CPU
		{F9E1D84A-A955-46D6-A5AA-D2D9D2D0531A}.Release|x64.ActiveCfg = Release|Any CPU
		{F9E1D84A-A955-46D6-A5AA-D2D9D2D0531A}.Release|x64.Build.0 = Release|Any CPU
		{F9E1D84A-A955-46D6-A5AA-D2D9D2D0531A}.Release|x86.ActiveCfg = Release|Any CPU
		{F9E1D84A-A955-46D6-A5AA-D2D9D2D0531A}.Release|x86.Build.0 = Release|Any CPU
		{4D870AD2-8A22-4669-A7FD-94A592637FF5}.Debug|Any CPU.ActiveCfg = Debug|Any CPU
		{4D870AD2-8A22-4669-A7FD-94A592637FF5}.Debug|Any CPU.Build.0 = Debug|Any CPU
		{4D870AD2-8A22-4669-A7FD-94A592637FF5}.Debug|x64.ActiveCfg = Debug|Any CPU
		{4D870AD2-8A22-4669-A7FD-94A592637FF5}.Debug|x64.Build.0 = Debug|Any CPU
		{4D870AD2-8A22-4669-A7FD-94A592637FF5}.Debug|x86.ActiveCfg = Debug|Any CPU
		{4D870AD2-8A22-4669-A7FD-94A592637FF5}.Debug|x86.Build.0 = Debug|Any CPU
		{4D870AD2-8A22-4669-A7FD-94A592637FF5}.Release|Any CPU.ActiveCfg = Release|Any CPU
		{4D870AD2-8A22-4669-A7FD-94A592637FF5}.Release|Any CPU.Build.0 = Release|Any CPU
		{4D870AD2-8A22-4669-A7FD-94A592637FF5}.Release|x64.ActiveCfg = Release|Any CPU
		{4D870AD2-8A22-4669-A7FD-94A592637FF5}.Release|x64.Build.0 = Release|Any CPU
		{4D870AD2-8A22-4669-A7FD-94A592637FF5}.Release|x86.ActiveCfg = Release|Any CPU
		{4D870AD2-8A22-4669-A7FD-94A592637FF5}.Release|x86.Build.0 = Release|Any CPU
		{84782690-5EB2-4AE9-B503-662AD10CC369}.Debug|Any CPU.ActiveCfg = Debug|Any CPU
		{84782690-5EB2-4AE9-B503-662AD10CC369}.Debug|Any CPU.Build.0 = Debug|Any CPU
		{84782690-5EB2-4AE9-B503-662AD10CC369}.Debug|x64.ActiveCfg = Debug|Any CPU
		{84782690-5EB2-4AE9-B503-662AD10CC369}.Debug|x64.Build.0 = Debug|Any CPU
		{84782690-5EB2-4AE9-B503-662AD10CC369}.Debug|x86.ActiveCfg = Debug|Any CPU
		{84782690-5EB2-4AE9-B503-662AD10CC369}.Debug|x86.Build.0 = Debug|Any CPU
		{84782690-5EB2-4AE9-B503-662AD10CC369}.Release|Any CPU.ActiveCfg = Release|Any CPU
		{84782690-5EB2-4AE9-B503-662AD10CC369}.Release|Any CPU.Build.0 = Release|Any CPU
		{84782690-5EB2-4AE9-B503-662AD10CC369}.Release|x64.ActiveCfg = Release|Any CPU
		{84782690-5EB2-4AE9-B503-662AD10CC369}.Release|x64.Build.0 = Release|Any CPU
		{84782690-5EB2-4AE9-B503-662AD10CC369}.Release|x86.ActiveCfg = Release|Any CPU
		{84782690-5EB2-4AE9-B503-662AD10CC369}.Release|x86.Build.0 = Release|Any CPU
		{8CE39F48-517F-4452-8BF3-D64B7C8C3D8E}.Debug|Any CPU.ActiveCfg = Debug|Any CPU
		{8CE39F48-517F-4452-8BF3-D64B7C8C3D8E}.Debug|Any CPU.Build.0 = Debug|Any CPU
		{8CE39F48-517F-4452-8BF3-D64B7C8C3D8E}.Debug|x64.ActiveCfg = Debug|Any CPU
		{8CE39F48-517F-4452-8BF3-D64B7C8C3D8E}.Debug|x64.Build.0 = Debug|Any CPU
		{8CE39F48-517F-4452-8BF3-D64B7C8C3D8E}.Debug|x86.ActiveCfg = Debug|Any CPU
		{8CE39F48-517F-4452-8BF3-D64B7C8C3D8E}.Debug|x86.Build.0 = Debug|Any CPU
		{8CE39F48-517F-4452-8BF3-D64B7C8C3D8E}.Release|Any CPU.ActiveCfg = Release|Any CPU
		{8CE39F48-517F-4452-8BF3-D64B7C8C3D8E}.Release|Any CPU.Build.0 = Release|Any CPU
		{8CE39F48-517F-4452-8BF3-D64B7C8C3D8E}.Release|x64.ActiveCfg = Release|Any CPU
		{8CE39F48-517F-4452-8BF3-D64B7C8C3D8E}.Release|x64.Build.0 = Release|Any CPU
		{8CE39F48-517F-4452-8BF3-D64B7C8C3D8E}.Release|x86.ActiveCfg = Release|Any CPU
		{8CE39F48-517F-4452-8BF3-D64B7C8C3D8E}.Release|x86.Build.0 = Release|Any CPU
		{27FD76C8-2A7D-4C4F-84FA-287B615C948E}.Debug|Any CPU.ActiveCfg = Debug|Any CPU
		{27FD76C8-2A7D-4C4F-84FA-287B615C948E}.Debug|Any CPU.Build.0 = Debug|Any CPU
		{27FD76C8-2A7D-4C4F-84FA-287B615C948E}.Debug|x64.ActiveCfg = Debug|Any CPU
		{27FD76C8-2A7D-4C4F-84FA-287B615C948E}.Debug|x64.Build.0 = Debug|Any CPU
		{27FD76C8-2A7D-4C4F-84FA-287B615C948E}.Debug|x86.ActiveCfg = Debug|Any CPU
		{27FD76C8-2A7D-4C4F-84FA-287B615C948E}.Debug|x86.Build.0 = Debug|Any CPU
		{27FD76C8-2A7D-4C4F-84FA-287B615C948E}.Release|Any CPU.ActiveCfg = Release|Any CPU
		{27FD76C8-2A7D-4C4F-84FA-287B615C948E}.Release|Any CPU.Build.0 = Release|Any CPU
		{27FD76C8-2A7D-4C4F-84FA-287B615C948E}.Release|x64.ActiveCfg = Release|Any CPU
		{27FD76C8-2A7D-4C4F-84FA-287B615C948E}.Release|x64.Build.0 = Release|Any CPU
		{27FD76C8-2A7D-4C4F-84FA-287B615C948E}.Release|x86.ActiveCfg = Release|Any CPU
		{27FD76C8-2A7D-4C4F-84FA-287B615C948E}.Release|x86.Build.0 = Release|Any CPU
		{E20337E9-6048-4DB0-8633-D695A57A609F}.Debug|Any CPU.ActiveCfg = Debug|Any CPU
		{E20337E9-6048-4DB0-8633-D695A57A609F}.Debug|Any CPU.Build.0 = Debug|Any CPU
		{E20337E9-6048-4DB0-8633-D695A57A609F}.Debug|x64.ActiveCfg = Debug|Any CPU
		{E20337E9-6048-4DB0-8633-D695A57A609F}.Debug|x64.Build.0 = Debug|Any CPU
		{E20337E9-6048-4DB0-8633-D695A57A609F}.Debug|x86.ActiveCfg = Debug|Any CPU
		{E20337E9-6048-4DB0-8633-D695A57A609F}.Debug|x86.Build.0 = Debug|Any CPU
		{E20337E9-6048-4DB0-8633-D695A57A609F}.Release|Any CPU.ActiveCfg = Release|Any CPU
		{E20337E9-6048-4DB0-8633-D695A57A609F}.Release|Any CPU.Build.0 = Release|Any CPU
		{E20337E9-6048-4DB0-8633-D695A57A609F}.Release|x64.ActiveCfg = Release|Any CPU
		{E20337E9-6048-4DB0-8633-D695A57A609F}.Release|x64.Build.0 = Release|Any CPU
		{E20337E9-6048-4DB0-8633-D695A57A609F}.Release|x86.ActiveCfg = Release|Any CPU
		{E20337E9-6048-4DB0-8633-D695A57A609F}.Release|x86.Build.0 = Release|Any CPU
		{88C76BB3-BB5A-4D3F-B7F7-A59697814275}.Debug|Any CPU.ActiveCfg = Debug|Any CPU
		{88C76BB3-BB5A-4D3F-B7F7-A59697814275}.Debug|Any CPU.Build.0 = Debug|Any CPU
		{88C76BB3-BB5A-4D3F-B7F7-A59697814275}.Debug|x64.ActiveCfg = Debug|Any CPU
		{88C76BB3-BB5A-4D3F-B7F7-A59697814275}.Debug|x64.Build.0 = Debug|Any CPU
		{88C76BB3-BB5A-4D3F-B7F7-A59697814275}.Debug|x86.ActiveCfg = Debug|Any CPU
		{88C76BB3-BB5A-4D3F-B7F7-A59697814275}.Debug|x86.Build.0 = Debug|Any CPU
		{88C76BB3-BB5A-4D3F-B7F7-A59697814275}.Release|Any CPU.ActiveCfg = Release|Any CPU
		{88C76BB3-BB5A-4D3F-B7F7-A59697814275}.Release|Any CPU.Build.0 = Release|Any CPU
		{88C76BB3-BB5A-4D3F-B7F7-A59697814275}.Release|x64.ActiveCfg = Release|Any CPU
		{88C76BB3-BB5A-4D3F-B7F7-A59697814275}.Release|x64.Build.0 = Release|Any CPU
		{88C76BB3-BB5A-4D3F-B7F7-A59697814275}.Release|x86.ActiveCfg = Release|Any CPU
		{88C76BB3-BB5A-4D3F-B7F7-A59697814275}.Release|x86.Build.0 = Release|Any CPU
		{BB4E4AAC-D2D6-41FB-92AE-797E901E1EE4}.Debug|Any CPU.ActiveCfg = Debug|Any CPU
		{BB4E4AAC-D2D6-41FB-92AE-797E901E1EE4}.Debug|Any CPU.Build.0 = Debug|Any CPU
		{BB4E4AAC-D2D6-41FB-92AE-797E901E1EE4}.Debug|x64.ActiveCfg = Debug|Any CPU
		{BB4E4AAC-D2D6-41FB-92AE-797E901E1EE4}.Debug|x64.Build.0 = Debug|Any CPU
		{BB4E4AAC-D2D6-41FB-92AE-797E901E1EE4}.Debug|x86.ActiveCfg = Debug|Any CPU
		{BB4E4AAC-D2D6-41FB-92AE-797E901E1EE4}.Debug|x86.Build.0 = Debug|Any CPU
		{BB4E4AAC-D2D6-41FB-92AE-797E901E1EE4}.Release|Any CPU.ActiveCfg = Release|Any CPU
		{BB4E4AAC-D2D6-41FB-92AE-797E901E1EE4}.Release|Any CPU.Build.0 = Release|Any CPU
		{BB4E4AAC-D2D6-41FB-92AE-797E901E1EE4}.Release|x64.ActiveCfg = Release|Any CPU
		{BB4E4AAC-D2D6-41FB-92AE-797E901E1EE4}.Release|x64.Build.0 = Release|Any CPU
		{BB4E4AAC-D2D6-41FB-92AE-797E901E1EE4}.Release|x86.ActiveCfg = Release|Any CPU
		{BB4E4AAC-D2D6-41FB-92AE-797E901E1EE4}.Release|x86.Build.0 = Release|Any CPU
		{8936AABE-B5E9-43D2-8275-9FB28E73F6B9}.Debug|Any CPU.ActiveCfg = Debug|Any CPU
		{8936AABE-B5E9-43D2-8275-9FB28E73F6B9}.Debug|Any CPU.Build.0 = Debug|Any CPU
		{8936AABE-B5E9-43D2-8275-9FB28E73F6B9}.Debug|x64.ActiveCfg = Debug|Any CPU
		{8936AABE-B5E9-43D2-8275-9FB28E73F6B9}.Debug|x64.Build.0 = Debug|Any CPU
		{8936AABE-B5E9-43D2-8275-9FB28E73F6B9}.Debug|x86.ActiveCfg = Debug|Any CPU
		{8936AABE-B5E9-43D2-8275-9FB28E73F6B9}.Debug|x86.Build.0 = Debug|Any CPU
		{8936AABE-B5E9-43D2-8275-9FB28E73F6B9}.Release|Any CPU.ActiveCfg = Release|Any CPU
		{8936AABE-B5E9-43D2-8275-9FB28E73F6B9}.Release|Any CPU.Build.0 = Release|Any CPU
		{8936AABE-B5E9-43D2-8275-9FB28E73F6B9}.Release|x64.ActiveCfg = Release|Any CPU
		{8936AABE-B5E9-43D2-8275-9FB28E73F6B9}.Release|x64.Build.0 = Release|Any CPU
		{8936AABE-B5E9-43D2-8275-9FB28E73F6B9}.Release|x86.ActiveCfg = Release|Any CPU
		{8936AABE-B5E9-43D2-8275-9FB28E73F6B9}.Release|x86.Build.0 = Release|Any CPU
		{8E667481-FDEC-4805-910D-04E8935BBD41}.Debug|Any CPU.ActiveCfg = Debug|Any CPU
		{8E667481-FDEC-4805-910D-04E8935BBD41}.Debug|Any CPU.Build.0 = Debug|Any CPU
		{8E667481-FDEC-4805-910D-04E8935BBD41}.Debug|x64.ActiveCfg = Debug|Any CPU
		{8E667481-FDEC-4805-910D-04E8935BBD41}.Debug|x64.Build.0 = Debug|Any CPU
		{8E667481-FDEC-4805-910D-04E8935BBD41}.Debug|x86.ActiveCfg = Debug|Any CPU
		{8E667481-FDEC-4805-910D-04E8935BBD41}.Debug|x86.Build.0 = Debug|Any CPU
		{8E667481-FDEC-4805-910D-04E8935BBD41}.Release|Any CPU.ActiveCfg = Release|Any CPU
		{8E667481-FDEC-4805-910D-04E8935BBD41}.Release|Any CPU.Build.0 = Release|Any CPU
		{8E667481-FDEC-4805-910D-04E8935BBD41}.Release|x64.ActiveCfg = Release|Any CPU
		{8E667481-FDEC-4805-910D-04E8935BBD41}.Release|x64.Build.0 = Release|Any CPU
		{8E667481-FDEC-4805-910D-04E8935BBD41}.Release|x86.ActiveCfg = Release|Any CPU
		{8E667481-FDEC-4805-910D-04E8935BBD41}.Release|x86.Build.0 = Release|Any CPU
		{79F9C328-A299-4D1C-93D3-4962200822D4}.Debug|Any CPU.ActiveCfg = Debug|Any CPU
		{79F9C328-A299-4D1C-93D3-4962200822D4}.Debug|Any CPU.Build.0 = Debug|Any CPU
		{79F9C328-A299-4D1C-93D3-4962200822D4}.Debug|x64.ActiveCfg = Debug|Any CPU
		{79F9C328-A299-4D1C-93D3-4962200822D4}.Debug|x64.Build.0 = Debug|Any CPU
		{79F9C328-A299-4D1C-93D3-4962200822D4}.Debug|x86.ActiveCfg = Debug|Any CPU
		{79F9C328-A299-4D1C-93D3-4962200822D4}.Debug|x86.Build.0 = Debug|Any CPU
		{79F9C328-A299-4D1C-93D3-4962200822D4}.Release|Any CPU.ActiveCfg = Release|Any CPU
		{79F9C328-A299-4D1C-93D3-4962200822D4}.Release|Any CPU.Build.0 = Release|Any CPU
		{79F9C328-A299-4D1C-93D3-4962200822D4}.Release|x64.ActiveCfg = Release|Any CPU
		{79F9C328-A299-4D1C-93D3-4962200822D4}.Release|x64.Build.0 = Release|Any CPU
		{79F9C328-A299-4D1C-93D3-4962200822D4}.Release|x86.ActiveCfg = Release|Any CPU
		{79F9C328-A299-4D1C-93D3-4962200822D4}.Release|x86.Build.0 = Release|Any CPU
		{831F26EE-3F8C-481B-AB94-7310B3D0FE73}.Debug|Any CPU.ActiveCfg = Debug|Any CPU
		{831F26EE-3F8C-481B-AB94-7310B3D0FE73}.Debug|Any CPU.Build.0 = Debug|Any CPU
		{831F26EE-3F8C-481B-AB94-7310B3D0FE73}.Debug|x64.ActiveCfg = Debug|Any CPU
		{831F26EE-3F8C-481B-AB94-7310B3D0FE73}.Debug|x64.Build.0 = Debug|Any CPU
		{831F26EE-3F8C-481B-AB94-7310B3D0FE73}.Debug|x86.ActiveCfg = Debug|Any CPU
		{831F26EE-3F8C-481B-AB94-7310B3D0FE73}.Debug|x86.Build.0 = Debug|Any CPU
		{831F26EE-3F8C-481B-AB94-7310B3D0FE73}.Release|Any CPU.ActiveCfg = Release|Any CPU
		{831F26EE-3F8C-481B-AB94-7310B3D0FE73}.Release|Any CPU.Build.0 = Release|Any CPU
		{831F26EE-3F8C-481B-AB94-7310B3D0FE73}.Release|x64.ActiveCfg = Release|Any CPU
		{831F26EE-3F8C-481B-AB94-7310B3D0FE73}.Release|x64.Build.0 = Release|Any CPU
		{831F26EE-3F8C-481B-AB94-7310B3D0FE73}.Release|x86.ActiveCfg = Release|Any CPU
		{831F26EE-3F8C-481B-AB94-7310B3D0FE73}.Release|x86.Build.0 = Release|Any CPU
		{99F14837-FD2D-4768-980B-3ABC3CC46E92}.Debug|Any CPU.ActiveCfg = Debug|Any CPU
		{99F14837-FD2D-4768-980B-3ABC3CC46E92}.Debug|Any CPU.Build.0 = Debug|Any CPU
		{99F14837-FD2D-4768-980B-3ABC3CC46E92}.Debug|x64.ActiveCfg = Debug|Any CPU
		{99F14837-FD2D-4768-980B-3ABC3CC46E92}.Debug|x64.Build.0 = Debug|Any CPU
		{99F14837-FD2D-4768-980B-3ABC3CC46E92}.Debug|x86.ActiveCfg = Debug|Any CPU
		{99F14837-FD2D-4768-980B-3ABC3CC46E92}.Debug|x86.Build.0 = Debug|Any CPU
		{99F14837-FD2D-4768-980B-3ABC3CC46E92}.Release|Any CPU.ActiveCfg = Release|Any CPU
		{99F14837-FD2D-4768-980B-3ABC3CC46E92}.Release|Any CPU.Build.0 = Release|Any CPU
		{99F14837-FD2D-4768-980B-3ABC3CC46E92}.Release|x64.ActiveCfg = Release|Any CPU
		{99F14837-FD2D-4768-980B-3ABC3CC46E92}.Release|x64.Build.0 = Release|Any CPU
		{99F14837-FD2D-4768-980B-3ABC3CC46E92}.Release|x86.ActiveCfg = Release|Any CPU
		{99F14837-FD2D-4768-980B-3ABC3CC46E92}.Release|x86.Build.0 = Release|Any CPU
		{3BFC341E-8BE3-4908-B21E-FCF37BA8979A}.Debug|Any CPU.ActiveCfg = Debug|Any CPU
		{3BFC341E-8BE3-4908-B21E-FCF37BA8979A}.Debug|Any CPU.Build.0 = Debug|Any CPU
		{3BFC341E-8BE3-4908-B21E-FCF37BA8979A}.Debug|x64.ActiveCfg = Debug|Any CPU
		{3BFC341E-8BE3-4908-B21E-FCF37BA8979A}.Debug|x64.Build.0 = Debug|Any CPU
		{3BFC341E-8BE3-4908-B21E-FCF37BA8979A}.Debug|x86.ActiveCfg = Debug|Any CPU
		{3BFC341E-8BE3-4908-B21E-FCF37BA8979A}.Debug|x86.Build.0 = Debug|Any CPU
		{3BFC341E-8BE3-4908-B21E-FCF37BA8979A}.Release|Any CPU.ActiveCfg = Release|Any CPU
		{3BFC341E-8BE3-4908-B21E-FCF37BA8979A}.Release|Any CPU.Build.0 = Release|Any CPU
		{3BFC341E-8BE3-4908-B21E-FCF37BA8979A}.Release|x64.ActiveCfg = Release|Any CPU
		{3BFC341E-8BE3-4908-B21E-FCF37BA8979A}.Release|x64.Build.0 = Release|Any CPU
		{3BFC341E-8BE3-4908-B21E-FCF37BA8979A}.Release|x86.ActiveCfg = Release|Any CPU
		{3BFC341E-8BE3-4908-B21E-FCF37BA8979A}.Release|x86.Build.0 = Release|Any CPU
		{D40A31A1-7BB0-4184-9A25-31F49DEB8D68}.Debug|Any CPU.ActiveCfg = Debug|Any CPU
		{D40A31A1-7BB0-4184-9A25-31F49DEB8D68}.Debug|Any CPU.Build.0 = Debug|Any CPU
		{D40A31A1-7BB0-4184-9A25-31F49DEB8D68}.Debug|x64.ActiveCfg = Debug|Any CPU
		{D40A31A1-7BB0-4184-9A25-31F49DEB8D68}.Debug|x64.Build.0 = Debug|Any CPU
		{D40A31A1-7BB0-4184-9A25-31F49DEB8D68}.Debug|x86.ActiveCfg = Debug|Any CPU
		{D40A31A1-7BB0-4184-9A25-31F49DEB8D68}.Debug|x86.Build.0 = Debug|Any CPU
		{D40A31A1-7BB0-4184-9A25-31F49DEB8D68}.Release|Any CPU.ActiveCfg = Release|Any CPU
		{D40A31A1-7BB0-4184-9A25-31F49DEB8D68}.Release|Any CPU.Build.0 = Release|Any CPU
		{D40A31A1-7BB0-4184-9A25-31F49DEB8D68}.Release|x64.ActiveCfg = Release|Any CPU
		{D40A31A1-7BB0-4184-9A25-31F49DEB8D68}.Release|x64.Build.0 = Release|Any CPU
		{D40A31A1-7BB0-4184-9A25-31F49DEB8D68}.Release|x86.ActiveCfg = Release|Any CPU
		{D40A31A1-7BB0-4184-9A25-31F49DEB8D68}.Release|x86.Build.0 = Release|Any CPU
		{31064984-917F-45D3-A972-5E3DB5031E31}.Debug|Any CPU.ActiveCfg = Debug|Any CPU
		{31064984-917F-45D3-A972-5E3DB5031E31}.Debug|Any CPU.Build.0 = Debug|Any CPU
		{31064984-917F-45D3-A972-5E3DB5031E31}.Debug|x64.ActiveCfg = Debug|Any CPU
		{31064984-917F-45D3-A972-5E3DB5031E31}.Debug|x64.Build.0 = Debug|Any CPU
		{31064984-917F-45D3-A972-5E3DB5031E31}.Debug|x86.ActiveCfg = Debug|Any CPU
		{31064984-917F-45D3-A972-5E3DB5031E31}.Debug|x86.Build.0 = Debug|Any CPU
		{31064984-917F-45D3-A972-5E3DB5031E31}.Release|Any CPU.ActiveCfg = Release|Any CPU
		{31064984-917F-45D3-A972-5E3DB5031E31}.Release|Any CPU.Build.0 = Release|Any CPU
		{31064984-917F-45D3-A972-5E3DB5031E31}.Release|x64.ActiveCfg = Release|Any CPU
		{31064984-917F-45D3-A972-5E3DB5031E31}.Release|x64.Build.0 = Release|Any CPU
		{31064984-917F-45D3-A972-5E3DB5031E31}.Release|x86.ActiveCfg = Release|Any CPU
		{31064984-917F-45D3-A972-5E3DB5031E31}.Release|x86.Build.0 = Release|Any CPU
		{AE5202B9-2880-466B-89B4-B34A835720FF}.Debug|Any CPU.ActiveCfg = Debug|Any CPU
		{AE5202B9-2880-466B-89B4-B34A835720FF}.Debug|Any CPU.Build.0 = Debug|Any CPU
		{AE5202B9-2880-466B-89B4-B34A835720FF}.Debug|x64.ActiveCfg = Debug|Any CPU
		{AE5202B9-2880-466B-89B4-B34A835720FF}.Debug|x64.Build.0 = Debug|Any CPU
		{AE5202B9-2880-466B-89B4-B34A835720FF}.Debug|x86.ActiveCfg = Debug|Any CPU
		{AE5202B9-2880-466B-89B4-B34A835720FF}.Debug|x86.Build.0 = Debug|Any CPU
		{AE5202B9-2880-466B-89B4-B34A835720FF}.Release|Any CPU.ActiveCfg = Release|Any CPU
		{AE5202B9-2880-466B-89B4-B34A835720FF}.Release|Any CPU.Build.0 = Release|Any CPU
		{AE5202B9-2880-466B-89B4-B34A835720FF}.Release|x64.ActiveCfg = Release|Any CPU
		{AE5202B9-2880-466B-89B4-B34A835720FF}.Release|x64.Build.0 = Release|Any CPU
		{AE5202B9-2880-466B-89B4-B34A835720FF}.Release|x86.ActiveCfg = Release|Any CPU
		{AE5202B9-2880-466B-89B4-B34A835720FF}.Release|x86.Build.0 = Release|Any CPU
		{49170817-1E88-4F7A-8AF9-76E0CA30E67C}.Debug|Any CPU.ActiveCfg = Debug|Any CPU
		{49170817-1E88-4F7A-8AF9-76E0CA30E67C}.Debug|Any CPU.Build.0 = Debug|Any CPU
		{49170817-1E88-4F7A-8AF9-76E0CA30E67C}.Debug|x64.ActiveCfg = Debug|Any CPU
		{49170817-1E88-4F7A-8AF9-76E0CA30E67C}.Debug|x64.Build.0 = Debug|Any CPU
		{49170817-1E88-4F7A-8AF9-76E0CA30E67C}.Debug|x86.ActiveCfg = Debug|Any CPU
		{49170817-1E88-4F7A-8AF9-76E0CA30E67C}.Debug|x86.Build.0 = Debug|Any CPU
		{49170817-1E88-4F7A-8AF9-76E0CA30E67C}.Release|Any CPU.ActiveCfg = Release|Any CPU
		{49170817-1E88-4F7A-8AF9-76E0CA30E67C}.Release|Any CPU.Build.0 = Release|Any CPU
		{49170817-1E88-4F7A-8AF9-76E0CA30E67C}.Release|x64.ActiveCfg = Release|Any CPU
		{49170817-1E88-4F7A-8AF9-76E0CA30E67C}.Release|x64.Build.0 = Release|Any CPU
		{49170817-1E88-4F7A-8AF9-76E0CA30E67C}.Release|x86.ActiveCfg = Release|Any CPU
		{49170817-1E88-4F7A-8AF9-76E0CA30E67C}.Release|x86.Build.0 = Release|Any CPU
		{B8CFA0FE-FC2A-4331-903C-47735FFDFF12}.Debug|Any CPU.ActiveCfg = Debug|Any CPU
		{B8CFA0FE-FC2A-4331-903C-47735FFDFF12}.Debug|Any CPU.Build.0 = Debug|Any CPU
		{B8CFA0FE-FC2A-4331-903C-47735FFDFF12}.Debug|x64.ActiveCfg = Debug|Any CPU
		{B8CFA0FE-FC2A-4331-903C-47735FFDFF12}.Debug|x64.Build.0 = Debug|Any CPU
		{B8CFA0FE-FC2A-4331-903C-47735FFDFF12}.Debug|x86.ActiveCfg = Debug|Any CPU
		{B8CFA0FE-FC2A-4331-903C-47735FFDFF12}.Debug|x86.Build.0 = Debug|Any CPU
		{B8CFA0FE-FC2A-4331-903C-47735FFDFF12}.Release|Any CPU.ActiveCfg = Release|Any CPU
		{B8CFA0FE-FC2A-4331-903C-47735FFDFF12}.Release|Any CPU.Build.0 = Release|Any CPU
		{B8CFA0FE-FC2A-4331-903C-47735FFDFF12}.Release|x64.ActiveCfg = Release|Any CPU
		{B8CFA0FE-FC2A-4331-903C-47735FFDFF12}.Release|x64.Build.0 = Release|Any CPU
		{B8CFA0FE-FC2A-4331-903C-47735FFDFF12}.Release|x86.ActiveCfg = Release|Any CPU
		{B8CFA0FE-FC2A-4331-903C-47735FFDFF12}.Release|x86.Build.0 = Release|Any CPU
		{50B398CE-4864-49E4-8729-637C6E98A575}.Debug|Any CPU.ActiveCfg = Debug|Any CPU
		{50B398CE-4864-49E4-8729-637C6E98A575}.Debug|Any CPU.Build.0 = Debug|Any CPU
		{50B398CE-4864-49E4-8729-637C6E98A575}.Debug|x64.ActiveCfg = Debug|Any CPU
		{50B398CE-4864-49E4-8729-637C6E98A575}.Debug|x64.Build.0 = Debug|Any CPU
		{50B398CE-4864-49E4-8729-637C6E98A575}.Debug|x86.ActiveCfg = Debug|Any CPU
		{50B398CE-4864-49E4-8729-637C6E98A575}.Debug|x86.Build.0 = Debug|Any CPU
		{50B398CE-4864-49E4-8729-637C6E98A575}.Release|Any CPU.ActiveCfg = Release|Any CPU
		{50B398CE-4864-49E4-8729-637C6E98A575}.Release|Any CPU.Build.0 = Release|Any CPU
		{50B398CE-4864-49E4-8729-637C6E98A575}.Release|x64.ActiveCfg = Release|Any CPU
		{50B398CE-4864-49E4-8729-637C6E98A575}.Release|x64.Build.0 = Release|Any CPU
		{50B398CE-4864-49E4-8729-637C6E98A575}.Release|x86.ActiveCfg = Release|Any CPU
		{50B398CE-4864-49E4-8729-637C6E98A575}.Release|x86.Build.0 = Release|Any CPU
		{243029B4-0B7F-4001-A17C-2286DAC3E134}.Debug|Any CPU.ActiveCfg = Debug|Any CPU
		{243029B4-0B7F-4001-A17C-2286DAC3E134}.Debug|Any CPU.Build.0 = Debug|Any CPU
		{243029B4-0B7F-4001-A17C-2286DAC3E134}.Debug|x64.ActiveCfg = Debug|Any CPU
		{243029B4-0B7F-4001-A17C-2286DAC3E134}.Debug|x64.Build.0 = Debug|Any CPU
		{243029B4-0B7F-4001-A17C-2286DAC3E134}.Debug|x86.ActiveCfg = Debug|Any CPU
		{243029B4-0B7F-4001-A17C-2286DAC3E134}.Debug|x86.Build.0 = Debug|Any CPU
		{243029B4-0B7F-4001-A17C-2286DAC3E134}.Release|Any CPU.ActiveCfg = Release|Any CPU
		{243029B4-0B7F-4001-A17C-2286DAC3E134}.Release|Any CPU.Build.0 = Release|Any CPU
		{243029B4-0B7F-4001-A17C-2286DAC3E134}.Release|x64.ActiveCfg = Release|Any CPU
		{243029B4-0B7F-4001-A17C-2286DAC3E134}.Release|x64.Build.0 = Release|Any CPU
		{243029B4-0B7F-4001-A17C-2286DAC3E134}.Release|x86.ActiveCfg = Release|Any CPU
		{243029B4-0B7F-4001-A17C-2286DAC3E134}.Release|x86.Build.0 = Release|Any CPU
		{6250A1EE-81C8-4718-9EBF-E390795BA1F7}.Debug|Any CPU.ActiveCfg = Debug|Any CPU
		{6250A1EE-81C8-4718-9EBF-E390795BA1F7}.Debug|Any CPU.Build.0 = Debug|Any CPU
		{6250A1EE-81C8-4718-9EBF-E390795BA1F7}.Debug|x64.ActiveCfg = Debug|Any CPU
		{6250A1EE-81C8-4718-9EBF-E390795BA1F7}.Debug|x64.Build.0 = Debug|Any CPU
		{6250A1EE-81C8-4718-9EBF-E390795BA1F7}.Debug|x86.ActiveCfg = Debug|Any CPU
		{6250A1EE-81C8-4718-9EBF-E390795BA1F7}.Debug|x86.Build.0 = Debug|Any CPU
		{6250A1EE-81C8-4718-9EBF-E390795BA1F7}.Release|Any CPU.ActiveCfg = Release|Any CPU
		{6250A1EE-81C8-4718-9EBF-E390795BA1F7}.Release|Any CPU.Build.0 = Release|Any CPU
		{6250A1EE-81C8-4718-9EBF-E390795BA1F7}.Release|x64.ActiveCfg = Release|Any CPU
		{6250A1EE-81C8-4718-9EBF-E390795BA1F7}.Release|x64.Build.0 = Release|Any CPU
		{6250A1EE-81C8-4718-9EBF-E390795BA1F7}.Release|x86.ActiveCfg = Release|Any CPU
		{6250A1EE-81C8-4718-9EBF-E390795BA1F7}.Release|x86.Build.0 = Release|Any CPU
		{F0FE0CBD-6B3D-4DCC-A671-DF8CD4557D98}.Debug|Any CPU.ActiveCfg = Debug|Any CPU
		{F0FE0CBD-6B3D-4DCC-A671-DF8CD4557D98}.Debug|Any CPU.Build.0 = Debug|Any CPU
		{F0FE0CBD-6B3D-4DCC-A671-DF8CD4557D98}.Debug|x64.ActiveCfg = Debug|Any CPU
		{F0FE0CBD-6B3D-4DCC-A671-DF8CD4557D98}.Debug|x64.Build.0 = Debug|Any CPU
		{F0FE0CBD-6B3D-4DCC-A671-DF8CD4557D98}.Debug|x86.ActiveCfg = Debug|Any CPU
		{F0FE0CBD-6B3D-4DCC-A671-DF8CD4557D98}.Debug|x86.Build.0 = Debug|Any CPU
		{F0FE0CBD-6B3D-4DCC-A671-DF8CD4557D98}.Release|Any CPU.ActiveCfg = Release|Any CPU
		{F0FE0CBD-6B3D-4DCC-A671-DF8CD4557D98}.Release|Any CPU.Build.0 = Release|Any CPU
		{F0FE0CBD-6B3D-4DCC-A671-DF8CD4557D98}.Release|x64.ActiveCfg = Release|Any CPU
		{F0FE0CBD-6B3D-4DCC-A671-DF8CD4557D98}.Release|x64.Build.0 = Release|Any CPU
		{F0FE0CBD-6B3D-4DCC-A671-DF8CD4557D98}.Release|x86.ActiveCfg = Release|Any CPU
		{F0FE0CBD-6B3D-4DCC-A671-DF8CD4557D98}.Release|x86.Build.0 = Release|Any CPU
		{89E55888-C140-4175-8F4E-89D43E024F0D}.Debug|Any CPU.ActiveCfg = Debug|Any CPU
		{89E55888-C140-4175-8F4E-89D43E024F0D}.Debug|Any CPU.Build.0 = Debug|Any CPU
		{89E55888-C140-4175-8F4E-89D43E024F0D}.Debug|x64.ActiveCfg = Debug|Any CPU
		{89E55888-C140-4175-8F4E-89D43E024F0D}.Debug|x64.Build.0 = Debug|Any CPU
		{89E55888-C140-4175-8F4E-89D43E024F0D}.Debug|x86.ActiveCfg = Debug|Any CPU
		{89E55888-C140-4175-8F4E-89D43E024F0D}.Debug|x86.Build.0 = Debug|Any CPU
		{89E55888-C140-4175-8F4E-89D43E024F0D}.Release|Any CPU.ActiveCfg = Release|Any CPU
		{89E55888-C140-4175-8F4E-89D43E024F0D}.Release|Any CPU.Build.0 = Release|Any CPU
		{89E55888-C140-4175-8F4E-89D43E024F0D}.Release|x64.ActiveCfg = Release|Any CPU
		{89E55888-C140-4175-8F4E-89D43E024F0D}.Release|x64.Build.0 = Release|Any CPU
		{89E55888-C140-4175-8F4E-89D43E024F0D}.Release|x86.ActiveCfg = Release|Any CPU
		{89E55888-C140-4175-8F4E-89D43E024F0D}.Release|x86.Build.0 = Release|Any CPU
		{6528F104-71B4-4BD4-8BED-8B1D9D9FD05D}.Debug|Any CPU.ActiveCfg = Debug|Any CPU
		{6528F104-71B4-4BD4-8BED-8B1D9D9FD05D}.Debug|Any CPU.Build.0 = Debug|Any CPU
		{6528F104-71B4-4BD4-8BED-8B1D9D9FD05D}.Debug|x64.ActiveCfg = Debug|Any CPU
		{6528F104-71B4-4BD4-8BED-8B1D9D9FD05D}.Debug|x64.Build.0 = Debug|Any CPU
		{6528F104-71B4-4BD4-8BED-8B1D9D9FD05D}.Debug|x86.ActiveCfg = Debug|Any CPU
		{6528F104-71B4-4BD4-8BED-8B1D9D9FD05D}.Debug|x86.Build.0 = Debug|Any CPU
		{6528F104-71B4-4BD4-8BED-8B1D9D9FD05D}.Release|Any CPU.ActiveCfg = Release|Any CPU
		{6528F104-71B4-4BD4-8BED-8B1D9D9FD05D}.Release|Any CPU.Build.0 = Release|Any CPU
		{6528F104-71B4-4BD4-8BED-8B1D9D9FD05D}.Release|x64.ActiveCfg = Release|Any CPU
		{6528F104-71B4-4BD4-8BED-8B1D9D9FD05D}.Release|x64.Build.0 = Release|Any CPU
		{6528F104-71B4-4BD4-8BED-8B1D9D9FD05D}.Release|x86.ActiveCfg = Release|Any CPU
		{6528F104-71B4-4BD4-8BED-8B1D9D9FD05D}.Release|x86.Build.0 = Release|Any CPU
		{EEE4220C-C924-47AC-BE8D-A9134450FD39}.Debug|Any CPU.ActiveCfg = Debug|Any CPU
		{EEE4220C-C924-47AC-BE8D-A9134450FD39}.Debug|Any CPU.Build.0 = Debug|Any CPU
		{EEE4220C-C924-47AC-BE8D-A9134450FD39}.Debug|x64.ActiveCfg = Debug|Any CPU
		{EEE4220C-C924-47AC-BE8D-A9134450FD39}.Debug|x64.Build.0 = Debug|Any CPU
		{EEE4220C-C924-47AC-BE8D-A9134450FD39}.Debug|x86.ActiveCfg = Debug|Any CPU
		{EEE4220C-C924-47AC-BE8D-A9134450FD39}.Debug|x86.Build.0 = Debug|Any CPU
		{EEE4220C-C924-47AC-BE8D-A9134450FD39}.Release|Any CPU.ActiveCfg = Release|Any CPU
		{EEE4220C-C924-47AC-BE8D-A9134450FD39}.Release|Any CPU.Build.0 = Release|Any CPU
		{EEE4220C-C924-47AC-BE8D-A9134450FD39}.Release|x64.ActiveCfg = Release|Any CPU
		{EEE4220C-C924-47AC-BE8D-A9134450FD39}.Release|x64.Build.0 = Release|Any CPU
		{EEE4220C-C924-47AC-BE8D-A9134450FD39}.Release|x86.ActiveCfg = Release|Any CPU
		{EEE4220C-C924-47AC-BE8D-A9134450FD39}.Release|x86.Build.0 = Release|Any CPU
		{AF160A32-DEFC-4EBE-AB41-A62ECA3B4628}.Debug|Any CPU.ActiveCfg = Debug|Any CPU
		{AF160A32-DEFC-4EBE-AB41-A62ECA3B4628}.Debug|Any CPU.Build.0 = Debug|Any CPU
		{AF160A32-DEFC-4EBE-AB41-A62ECA3B4628}.Debug|x64.ActiveCfg = Debug|Any CPU
		{AF160A32-DEFC-4EBE-AB41-A62ECA3B4628}.Debug|x64.Build.0 = Debug|Any CPU
		{AF160A32-DEFC-4EBE-AB41-A62ECA3B4628}.Debug|x86.ActiveCfg = Debug|Any CPU
		{AF160A32-DEFC-4EBE-AB41-A62ECA3B4628}.Debug|x86.Build.0 = Debug|Any CPU
		{AF160A32-DEFC-4EBE-AB41-A62ECA3B4628}.Release|Any CPU.ActiveCfg = Release|Any CPU
		{AF160A32-DEFC-4EBE-AB41-A62ECA3B4628}.Release|Any CPU.Build.0 = Release|Any CPU
		{AF160A32-DEFC-4EBE-AB41-A62ECA3B4628}.Release|x64.ActiveCfg = Release|Any CPU
		{AF160A32-DEFC-4EBE-AB41-A62ECA3B4628}.Release|x64.Build.0 = Release|Any CPU
		{AF160A32-DEFC-4EBE-AB41-A62ECA3B4628}.Release|x86.ActiveCfg = Release|Any CPU
		{AF160A32-DEFC-4EBE-AB41-A62ECA3B4628}.Release|x86.Build.0 = Release|Any CPU
		{D3729533-A597-4D65-8B43-1B2B659FD54D}.Debug|Any CPU.ActiveCfg = Debug|Any CPU
		{D3729533-A597-4D65-8B43-1B2B659FD54D}.Debug|Any CPU.Build.0 = Debug|Any CPU
		{D3729533-A597-4D65-8B43-1B2B659FD54D}.Debug|x64.ActiveCfg = Debug|Any CPU
		{D3729533-A597-4D65-8B43-1B2B659FD54D}.Debug|x64.Build.0 = Debug|Any CPU
		{D3729533-A597-4D65-8B43-1B2B659FD54D}.Debug|x86.ActiveCfg = Debug|Any CPU
		{D3729533-A597-4D65-8B43-1B2B659FD54D}.Debug|x86.Build.0 = Debug|Any CPU
		{D3729533-A597-4D65-8B43-1B2B659FD54D}.Release|Any CPU.ActiveCfg = Release|Any CPU
		{D3729533-A597-4D65-8B43-1B2B659FD54D}.Release|Any CPU.Build.0 = Release|Any CPU
		{D3729533-A597-4D65-8B43-1B2B659FD54D}.Release|x64.ActiveCfg = Release|Any CPU
		{D3729533-A597-4D65-8B43-1B2B659FD54D}.Release|x64.Build.0 = Release|Any CPU
		{D3729533-A597-4D65-8B43-1B2B659FD54D}.Release|x86.ActiveCfg = Release|Any CPU
		{D3729533-A597-4D65-8B43-1B2B659FD54D}.Release|x86.Build.0 = Release|Any CPU
	EndGlobalSection
	GlobalSection(SolutionProperties) = preSolution
		HideSolutionNode = FALSE
	EndGlobalSection
	GlobalSection(ExtensibilityGlobals) = postSolution
		SolutionGuid = {9915A44A-C090-422D-AEB1-86F39E2FB6B4}
	EndGlobalSection
EndGlobal
