
Microsoft Visual Studio Solution File, Format Version 12.00
# Visual Studio Version 16
VisualStudioVersion = 16.6.30114.105
MinimumVisualStudioVersion = 10.0.40219.1
Project("{FAE04EC0-301F-11D3-BF4B-00C04F79EFBC}") = "R5T.D0088.I0001", "R5T.D0088.I0001\R5T.D0088.I0001.csproj", "{9D1217B1-5C0F-4010-BD9D-B517E15AD401}"
EndProject
Project("{2150E333-8FDC-42A3-9474-1A3956D46DE8}") = "_Dependencies", "_Dependencies", "{2CF702CE-D022-4F7E-A653-7A42586A1698}"
EndProject
Project("{FAE04EC0-301F-11D3-BF4B-00C04F79EFBC}") = "R5T.Magyar", "..\..\R5T.Magyar\source\R5T.Magyar\R5T.Magyar.csproj", "{CEB55312-CA8E-4612-9327-5947A3B8EB8D}"
EndProject
Global
	GlobalSection(SolutionConfigurationPlatforms) = preSolution
		Debug|Any CPU = Debug|Any CPU
		Debug|x64 = Debug|x64
		Debug|x86 = Debug|x86
		Release|Any CPU = Release|Any CPU
		Release|x64 = Release|x64
		Release|x86 = Release|x86
	EndGlobalSection
	GlobalSection(SolutionProperties) = preSolution
		HideSolutionNode = FALSE
	EndGlobalSection
	GlobalSection(ProjectConfigurationPlatforms) = postSolution
		{9D1217B1-5C0F-4010-BD9D-B517E15AD401}.Debug|Any CPU.ActiveCfg = Debug|Any CPU
		{9D1217B1-5C0F-4010-BD9D-B517E15AD401}.Debug|Any CPU.Build.0 = Debug|Any CPU
		{9D1217B1-5C0F-4010-BD9D-B517E15AD401}.Debug|x64.ActiveCfg = Debug|Any CPU
		{9D1217B1-5C0F-4010-BD9D-B517E15AD401}.Debug|x64.Build.0 = Debug|Any CPU
		{9D1217B1-5C0F-4010-BD9D-B517E15AD401}.Debug|x86.ActiveCfg = Debug|Any CPU
		{9D1217B1-5C0F-4010-BD9D-B517E15AD401}.Debug|x86.Build.0 = Debug|Any CPU
		{9D1217B1-5C0F-4010-BD9D-B517E15AD401}.Release|Any CPU.ActiveCfg = Release|Any CPU
		{9D1217B1-5C0F-4010-BD9D-B517E15AD401}.Release|Any CPU.Build.0 = Release|Any CPU
		{9D1217B1-5C0F-4010-BD9D-B517E15AD401}.Release|x64.ActiveCfg = Release|Any CPU
		{9D1217B1-5C0F-4010-BD9D-B517E15AD401}.Release|x64.Build.0 = Release|Any CPU
		{9D1217B1-5C0F-4010-BD9D-B517E15AD401}.Release|x86.ActiveCfg = Release|Any CPU
		{9D1217B1-5C0F-4010-BD9D-B517E15AD401}.Release|x86.Build.0 = Release|Any CPU
		{CEB55312-CA8E-4612-9327-5947A3B8EB8D}.Debug|Any CPU.ActiveCfg = Debug|Any CPU
		{CEB55312-CA8E-4612-9327-5947A3B8EB8D}.Debug|Any CPU.Build.0 = Debug|Any CPU
		{CEB55312-CA8E-4612-9327-5947A3B8EB8D}.Debug|x64.ActiveCfg = Debug|Any CPU
		{CEB55312-CA8E-4612-9327-5947A3B8EB8D}.Debug|x64.Build.0 = Debug|Any CPU
		{CEB55312-CA8E-4612-9327-5947A3B8EB8D}.Debug|x86.ActiveCfg = Debug|Any CPU
		{CEB55312-CA8E-4612-9327-5947A3B8EB8D}.Debug|x86.Build.0 = Debug|Any CPU
		{CEB55312-CA8E-4612-9327-5947A3B8EB8D}.Release|Any CPU.ActiveCfg = Release|Any CPU
		{CEB55312-CA8E-4612-9327-5947A3B8EB8D}.Release|Any CPU.Build.0 = Release|Any CPU
		{CEB55312-CA8E-4612-9327-5947A3B8EB8D}.Release|x64.ActiveCfg = Release|Any CPU
		{CEB55312-CA8E-4612-9327-5947A3B8EB8D}.Release|x64.Build.0 = Release|Any CPU
		{CEB55312-CA8E-4612-9327-5947A3B8EB8D}.Release|x86.ActiveCfg = Release|Any CPU
		{CEB55312-CA8E-4612-9327-5947A3B8EB8D}.Release|x86.Build.0 = Release|Any CPU
	EndGlobalSection
	GlobalSection(NestedProjects) = preSolution
		{CEB55312-CA8E-4612-9327-5947A3B8EB8D} = {2CF702CE-D022-4F7E-A653-7A42586A1698}
	EndGlobalSection
EndGlobal
